PODS:
  - Alamofire (4.3.0)
  - DateToolsSwift (2.0.0)
  - Kingfisher (3.5.0)
  - MJExtension (3.0.13)
  - MJRefresh (3.1.12)
  - SnapKit (3.2.0)
  - SwiftyJSON (3.1.4)

DEPENDENCIES:
  - Alamofire (~> 4.3.0)
  - DateToolsSwift (~> 2.0.0)
  - Kingfisher (~> 3.5.0)
  - MJExtension (~> 3.0.13)
  - MJRefresh (~> 3.1.12)
  - SnapKit (~> 3.2.0)
  - SwiftyJSON (~> 3.1.4)

SPEC CHECKSUMS:
  Alamofire: 856a113053a7bc9cbe5d6367a555d773fc5cfef7
  DateToolsSwift: 27336736d877c8734159da1f37afbda2aa704649
  Kingfisher: 7c62087039d93d26c54c8dd9b0b588d2ce55cef6
  MJExtension: 5932755f451458eefa24239358817f8d291240c7
  MJRefresh: b96cdb21c4aa75a7b07654311ab2f315c497e806
  SnapKit: 1ca44df72cfa543218d177cb8aab029d10d86ea7
  SwiftyJSON: c2842d878f95482ffceec5709abc3d05680c0220

PODFILE CHECKSUM: b2cd3187a62427a0ac59bbc7a517c3d3d6cd6303

COCOAPODS: 1.2.0
