PODS:
  - Alamofire (4.3.0)
  - BXProgressHUD (2.0):
    - PinAuto (~> 2.0)
  - DateToolsSwift (2.0.0)
  - HandyJSON (1.6.0)
  - Kingfisher (3.5.0)
  - MJExtension (3.0.13)
  - MJRefresh (3.1.12)
  - Moya (8.0.3):
    - Moya/Core (= 8.0.3)
  - Moya/Core (8.0.3):
    - Alamofire (~> 4.1)
    - Result (~> 3.0)
  - PinAuto (2.1)
  - PKHUD (4.2.0)
  - Result (3.2.1)
  - SnapKit (3.2.0)
  - SwiftyJSON (3.1.4)

DEPENDENCIES:
  - Alamofire (~> 4.3.0)
  - BXProgressHUD (~> 2.0)
  - DateToolsSwift (~> 2.0.0)
  - HandyJSON (~> 1.6.0)
  - Kingfisher (~> 3.5.0)
  - MJExtension
  - MJRefresh (~> 3.1.12)
  - Moya
  - PKHUD (~> 4.0)
  - SnapKit (~> 3.2.0)
  - SwiftyJSON (~> 3.1.4)

SPEC CHECKSUMS:
  Alamofire: 856a113053a7bc9cbe5d6367a555d773fc5cfef7
  BXProgressHUD: b206b6e09e90c49eb390a68cc6d427bddaf80e87
  DateToolsSwift: 27336736d877c8734159da1f37afbda2aa704649
  HandyJSON: 573a148e2c649d108a8d6fbee1874c5c2d0822ca
  Kingfisher: 7c62087039d93d26c54c8dd9b0b588d2ce55cef6
  MJExtension: 5932755f451458eefa24239358817f8d291240c7
  MJRefresh: b96cdb21c4aa75a7b07654311ab2f315c497e806
  Moya: d3721622e3cc0cc2f038d69a258686f0b66e7252
  PinAuto: cc406f453a35292a9f892d7f94f5cc71e5e99762
  PKHUD: 48af884cf00c2213b0313b739d914e6cab1c0f5e
  Result: 2453a22e5c5b11c0c3a478736e82cd02f763b781
  SnapKit: 1ca44df72cfa543218d177cb8aab029d10d86ea7
  SwiftyJSON: c2842d878f95482ffceec5709abc3d05680c0220

PODFILE CHECKSUM: 2d38d62ad96d20c2060c3f78b2c527f33d5fc5d4

COCOAPODS: 1.2.0
