// !$*UTF8*$!
{
	archiveVersion = 1;
	classes = {
	};
	objectVersion = 46;
	objects = {

/* Begin PBXBuildFile section */
		1404175B1E5E7146000CF459 /* UIColor+RGB.swift in Sources */ = {isa = PBXBuildFile; fileRef = 1404175A1E5E7146000CF459 /* UIColor+RGB.swift */; };
		1404175D1E5E82E5000CF459 /* InformationTableViewController.swift in Sources */ = {isa = PBXBuildFile; fileRef = 1404175C1E5E82E5000CF459 /* InformationTableViewController.swift */; };
		1404175F1E5E8310000CF459 /* BlogTableViewController.swift in Sources */ = {isa = PBXBuildFile; fileRef = 1404175E1E5E8310000CF459 /* BlogTableViewController.swift */; };
		140417611E5E834E000CF459 /* QuestionsTableViewController.swift in Sources */ = {isa = PBXBuildFile; fileRef = 140417601E5E834E000CF459 /* QuestionsTableViewController.swift */; };
		140417631E5E8368000CF459 /* ActivityTableViewController.swift in Sources */ = {isa = PBXBuildFile; fileRef = 140417621E5E8368000CF459 /* ActivityTableViewController.swift */; };
		140C67CE1E65079600B99E46 /* QuartzCanvasView.swift in Sources */ = {isa = PBXBuildFile; fileRef = 140C67CD1E65079600B99E46 /* QuartzCanvasView.swift */; };
		140C67D11E65214A00B99E46 /* LoginViewController.xib in Resources */ = {isa = PBXBuildFile; fileRef = 140C67D01E65214A00B99E46 /* LoginViewController.xib */; };
		140C67D31E65215A00B99E46 /* LoginViewController.swift in Sources */ = {isa = PBXBuildFile; fileRef = 140C67D21E65215A00B99E46 /* LoginViewController.swift */; };
		140C67D61E6523AF00B99E46 /* SettingViewController.swift in Sources */ = {isa = PBXBuildFile; fileRef = 140C67D51E6523AF00B99E46 /* SettingViewController.swift */; };
		140C67DF1E653E6000B99E46 /* String+sha1.swift in Sources */ = {isa = PBXBuildFile; fileRef = 140C67DE1E653E6000B99E46 /* String+sha1.swift */; };
		140DE9971E63B4D10014176E /* MyTableHeaderView.swift in Sources */ = {isa = PBXBuildFile; fileRef = 140DE9961E63B4D10014176E /* MyTableHeaderView.swift */; };
		140DE99A1E63B6DC0014176E /* UserInfoView.swift in Sources */ = {isa = PBXBuildFile; fileRef = 140DE9991E63B6DC0014176E /* UserInfoView.swift */; };
		140DE99C1E63B7770014176E /* UserInfoButtons.swift in Sources */ = {isa = PBXBuildFile; fileRef = 140DE99B1E63B7770014176E /* UserInfoButtons.swift */; };
		1411071B1E611478000E7C66 /* InformationTableViewControllerModel.swift in Sources */ = {isa = PBXBuildFile; fileRef = 1411071A1E611478000E7C66 /* InformationTableViewControllerModel.swift */; };
		141107231E6122A1000E7C66 /* InformationTableViewCell.swift in Sources */ = {isa = PBXBuildFile; fileRef = 141107221E6122A1000E7C66 /* InformationTableViewCell.swift */; };
		141107251E612ACF000E7C66 /* InformationTableViewCellModel.swift in Sources */ = {isa = PBXBuildFile; fileRef = 141107241E612ACF000E7C66 /* InformationTableViewCellModel.swift */; };
		1413144C1E67AD8300983DCE /* Utils.swift in Sources */ = {isa = PBXBuildFile; fileRef = 1413144B1E67AD8300983DCE /* Utils.swift */; };
		141314501E67D08100983DCE /* UserInfoViewModel.swift in Sources */ = {isa = PBXBuildFile; fileRef = 1413144F1E67D08100983DCE /* UserInfoViewModel.swift */; };
		141314531E67E93100983DCE /* TweetsViewController.swift in Sources */ = {isa = PBXBuildFile; fileRef = 141314521E67E93100983DCE /* TweetsViewController.swift */; };
		1417CE1C1E5D6A2E00048DB7 /* FoundTableViewController.swift in Sources */ = {isa = PBXBuildFile; fileRef = 1417CE1B1E5D6A2E00048DB7 /* FoundTableViewController.swift */; };
		1417CE1E1E5D7F6200048DB7 /* NavButtons.swift in Sources */ = {isa = PBXBuildFile; fileRef = 1417CE1D1E5D7F6200048DB7 /* NavButtons.swift */; };
		1418B96C1E66A31E00ED1BCF /* GDataXMLNode.m in Sources */ = {isa = PBXBuildFile; fileRef = 1418B9691E66A31E00ED1BCF /* GDataXMLNode.m */; settings = {COMPILER_FLAGS = "-fno-objc-arc"; }; };
		1418B96D1E66A31E00ED1BCF /* ParsingXML.m in Sources */ = {isa = PBXBuildFile; fileRef = 1418B96B1E66A31E00ED1BCF /* ParsingXML.m */; };
		1418B9711E66A6CF00ED1BCF /* libxml2.2.dylib in Frameworks */ = {isa = PBXBuildFile; fileRef = 1418B9701E66A6CF00ED1BCF /* libxml2.2.dylib */; };
		1418B9731E66B1F500ED1BCF /* OSCUser.swift in Sources */ = {isa = PBXBuildFile; fileRef = 1418B9721E66B1F500ED1BCF /* OSCUser.swift */; };
		143EF2951E5D291500544B8B /* AppDelegate.swift in Sources */ = {isa = PBXBuildFile; fileRef = 143EF2941E5D291500544B8B /* AppDelegate.swift */; };
		143EF2971E5D291500544B8B /* ComposeViewController.swift in Sources */ = {isa = PBXBuildFile; fileRef = 143EF2961E5D291500544B8B /* ComposeViewController.swift */; };
		143EF29A1E5D291500544B8B /* Main.storyboard in Resources */ = {isa = PBXBuildFile; fileRef = 143EF2981E5D291500544B8B /* Main.storyboard */; };
		143EF29F1E5D291500544B8B /* LaunchScreen.storyboard in Resources */ = {isa = PBXBuildFile; fileRef = 143EF29D1E5D291500544B8B /* LaunchScreen.storyboard */; };
		143EF2AA1E5D291500544B8B /* KYZG_swiftTests.swift in Sources */ = {isa = PBXBuildFile; fileRef = 143EF2A91E5D291500544B8B /* KYZG_swiftTests.swift */; };
		143EF2B51E5D291500544B8B /* KYZG_swiftUITests.swift in Sources */ = {isa = PBXBuildFile; fileRef = 143EF2B41E5D291500544B8B /* KYZG_swiftUITests.swift */; };
		143EF2C31E5D2CB000544B8B /* Images.xcassets in Resources */ = {isa = PBXBuildFile; fileRef = 143EF2C21E5D2CB000544B8B /* Images.xcassets */; };
		143EF2C51E5D2D3500544B8B /* RootViewController.swift in Sources */ = {isa = PBXBuildFile; fileRef = 143EF2C41E5D2D3500544B8B /* RootViewController.swift */; };
		143EF2C71E5D42D500544B8B /* MyTableViewController.swift in Sources */ = {isa = PBXBuildFile; fileRef = 143EF2C61E5D42D500544B8B /* MyTableViewController.swift */; };
		14479D141E640E7500A6B9E0 /* NavigationController.swift in Sources */ = {isa = PBXBuildFile; fileRef = 14479D131E640E7500A6B9E0 /* NavigationController.swift */; };
		147689A11E5EE54200BD192B /* OSCBanner.swift in Sources */ = {isa = PBXBuildFile; fileRef = 147689A01E5EE54200BD192B /* OSCBanner.swift */; };
		14A6F0BB1E60303600D83779 /* OSCInformation.swift in Sources */ = {isa = PBXBuildFile; fileRef = 14A6F0BA1E60303600D83779 /* OSCInformation.swift */; };
		14C01A181E5FF4AC00D64C19 /* BannerScrollView.swift in Sources */ = {isa = PBXBuildFile; fileRef = 14C01A171E5FF4AC00D64C19 /* BannerScrollView.swift */; };
		27E8E155786F30F83A0393C6 /* Pods_KYZG_swift.framework in Frameworks */ = {isa = PBXBuildFile; fileRef = 67A56ED37491039A1801A2BA /* Pods_KYZG_swift.framework */; };
/* End PBXBuildFile section */

/* Begin PBXContainerItemProxy section */
		143EF2A61E5D291500544B8B /* PBXContainerItemProxy */ = {
			isa = PBXContainerItemProxy;
			containerPortal = 143EF2891E5D291500544B8B /* Project object */;
			proxyType = 1;
			remoteGlobalIDString = 143EF2901E5D291500544B8B;
			remoteInfo = KYZG_swift;
		};
		143EF2B11E5D291500544B8B /* PBXContainerItemProxy */ = {
			isa = PBXContainerItemProxy;
			containerPortal = 143EF2891E5D291500544B8B /* Project object */;
			proxyType = 1;
			remoteGlobalIDString = 143EF2901E5D291500544B8B;
			remoteInfo = KYZG_swift;
		};
/* End PBXContainerItemProxy section */

/* Begin PBXFileReference section */
		1404175A1E5E7146000CF459 /* UIColor+RGB.swift */ = {isa = PBXFileReference; fileEncoding = 4; lastKnownFileType = sourcecode.swift; path = "UIColor+RGB.swift"; sourceTree = "<group>"; };
		1404175C1E5E82E5000CF459 /* InformationTableViewController.swift */ = {isa = PBXFileReference; fileEncoding = 4; lastKnownFileType = sourcecode.swift; path = InformationTableViewController.swift; sourceTree = "<group>"; };
		1404175E1E5E8310000CF459 /* BlogTableViewController.swift */ = {isa = PBXFileReference; fileEncoding = 4; lastKnownFileType = sourcecode.swift; path = BlogTableViewController.swift; sourceTree = "<group>"; };
		140417601E5E834E000CF459 /* QuestionsTableViewController.swift */ = {isa = PBXFileReference; fileEncoding = 4; lastKnownFileType = sourcecode.swift; path = QuestionsTableViewController.swift; sourceTree = "<group>"; };
		140417621E5E8368000CF459 /* ActivityTableViewController.swift */ = {isa = PBXFileReference; fileEncoding = 4; lastKnownFileType = sourcecode.swift; path = ActivityTableViewController.swift; sourceTree = "<group>"; };
		140C67CD1E65079600B99E46 /* QuartzCanvasView.swift */ = {isa = PBXFileReference; fileEncoding = 4; lastKnownFileType = sourcecode.swift; path = QuartzCanvasView.swift; sourceTree = "<group>"; };
		140C67D01E65214A00B99E46 /* LoginViewController.xib */ = {isa = PBXFileReference; fileEncoding = 4; lastKnownFileType = file.xib; path = LoginViewController.xib; sourceTree = "<group>"; };
		140C67D21E65215A00B99E46 /* LoginViewController.swift */ = {isa = PBXFileReference; fileEncoding = 4; lastKnownFileType = sourcecode.swift; path = LoginViewController.swift; sourceTree = "<group>"; };
		140C67D51E6523AF00B99E46 /* SettingViewController.swift */ = {isa = PBXFileReference; fileEncoding = 4; lastKnownFileType = sourcecode.swift; path = SettingViewController.swift; sourceTree = "<group>"; };
		140C67D71E653E0600B99E46 /* KYZG_swift-Bridging-Header.h */ = {isa = PBXFileReference; lastKnownFileType = sourcecode.c.h; path = "KYZG_swift-Bridging-Header.h"; sourceTree = "<group>"; };
		140C67DE1E653E6000B99E46 /* String+sha1.swift */ = {isa = PBXFileReference; fileEncoding = 4; lastKnownFileType = sourcecode.swift; path = "String+sha1.swift"; sourceTree = "<group>"; };
		140DE9961E63B4D10014176E /* MyTableHeaderView.swift */ = {isa = PBXFileReference; fileEncoding = 4; lastKnownFileType = sourcecode.swift; path = MyTableHeaderView.swift; sourceTree = "<group>"; };
		140DE9991E63B6DC0014176E /* UserInfoView.swift */ = {isa = PBXFileReference; fileEncoding = 4; lastKnownFileType = sourcecode.swift; path = UserInfoView.swift; sourceTree = "<group>"; };
		140DE99B1E63B7770014176E /* UserInfoButtons.swift */ = {isa = PBXFileReference; fileEncoding = 4; lastKnownFileType = sourcecode.swift; path = UserInfoButtons.swift; sourceTree = "<group>"; };
		1411071A1E611478000E7C66 /* InformationTableViewControllerModel.swift */ = {isa = PBXFileReference; fileEncoding = 4; lastKnownFileType = sourcecode.swift; path = InformationTableViewControllerModel.swift; sourceTree = "<group>"; };
		141107221E6122A1000E7C66 /* InformationTableViewCell.swift */ = {isa = PBXFileReference; fileEncoding = 4; lastKnownFileType = sourcecode.swift; path = InformationTableViewCell.swift; sourceTree = "<group>"; };
		141107241E612ACF000E7C66 /* InformationTableViewCellModel.swift */ = {isa = PBXFileReference; fileEncoding = 4; lastKnownFileType = sourcecode.swift; path = InformationTableViewCellModel.swift; sourceTree = "<group>"; };
		1413144B1E67AD8300983DCE /* Utils.swift */ = {isa = PBXFileReference; fileEncoding = 4; lastKnownFileType = sourcecode.swift; path = Utils.swift; sourceTree = "<group>"; };
		1413144F1E67D08100983DCE /* UserInfoViewModel.swift */ = {isa = PBXFileReference; fileEncoding = 4; lastKnownFileType = sourcecode.swift; path = UserInfoViewModel.swift; sourceTree = "<group>"; };
		141314521E67E93100983DCE /* TweetsViewController.swift */ = {isa = PBXFileReference; fileEncoding = 4; lastKnownFileType = sourcecode.swift; path = TweetsViewController.swift; sourceTree = "<group>"; };
		1417CE1B1E5D6A2E00048DB7 /* FoundTableViewController.swift */ = {isa = PBXFileReference; fileEncoding = 4; lastKnownFileType = sourcecode.swift; path = FoundTableViewController.swift; sourceTree = "<group>"; };
		1417CE1D1E5D7F6200048DB7 /* NavButtons.swift */ = {isa = PBXFileReference; fileEncoding = 4; lastKnownFileType = sourcecode.swift; path = NavButtons.swift; sourceTree = "<group>"; };
		1418B9681E66A31E00ED1BCF /* GDataXMLNode.h */ = {isa = PBXFileReference; fileEncoding = 4; lastKnownFileType = sourcecode.c.h; path = GDataXMLNode.h; sourceTree = "<group>"; };
		1418B9691E66A31E00ED1BCF /* GDataXMLNode.m */ = {isa = PBXFileReference; fileEncoding = 4; lastKnownFileType = sourcecode.c.objc; path = GDataXMLNode.m; sourceTree = "<group>"; };
		1418B96A1E66A31E00ED1BCF /* ParsingXML.h */ = {isa = PBXFileReference; fileEncoding = 4; lastKnownFileType = sourcecode.c.h; path = ParsingXML.h; sourceTree = "<group>"; };
		1418B96B1E66A31E00ED1BCF /* ParsingXML.m */ = {isa = PBXFileReference; fileEncoding = 4; lastKnownFileType = sourcecode.c.objc; path = ParsingXML.m; sourceTree = "<group>"; };
		1418B9701E66A6CF00ED1BCF /* libxml2.2.dylib */ = {isa = PBXFileReference; lastKnownFileType = "compiled.mach-o.dylib"; name = libxml2.2.dylib; path = ../../../../usr/lib/libxml2.2.dylib; sourceTree = "<group>"; };
		1418B9721E66B1F500ED1BCF /* OSCUser.swift */ = {isa = PBXFileReference; fileEncoding = 4; lastKnownFileType = sourcecode.swift; path = OSCUser.swift; sourceTree = "<group>"; };
		143EF2911E5D291500544B8B /* KYZG_swift.app */ = {isa = PBXFileReference; explicitFileType = wrapper.application; includeInIndex = 0; path = KYZG_swift.app; sourceTree = BUILT_PRODUCTS_DIR; };
		143EF2941E5D291500544B8B /* AppDelegate.swift */ = {isa = PBXFileReference; lastKnownFileType = sourcecode.swift; path = AppDelegate.swift; sourceTree = "<group>"; };
		143EF2961E5D291500544B8B /* ComposeViewController.swift */ = {isa = PBXFileReference; lastKnownFileType = sourcecode.swift; path = ComposeViewController.swift; sourceTree = "<group>"; };
		143EF2991E5D291500544B8B /* Base */ = {isa = PBXFileReference; lastKnownFileType = file.storyboard; name = Base; path = Base.lproj/Main.storyboard; sourceTree = "<group>"; };
		143EF29E1E5D291500544B8B /* Base */ = {isa = PBXFileReference; lastKnownFileType = file.storyboard; name = Base; path = Base.lproj/LaunchScreen.storyboard; sourceTree = "<group>"; };
		143EF2A01E5D291500544B8B /* Info.plist */ = {isa = PBXFileReference; lastKnownFileType = text.plist.xml; path = Info.plist; sourceTree = "<group>"; };
		143EF2A51E5D291500544B8B /* KYZG_swiftTests.xctest */ = {isa = PBXFileReference; explicitFileType = wrapper.cfbundle; includeInIndex = 0; path = KYZG_swiftTests.xctest; sourceTree = BUILT_PRODUCTS_DIR; };
		143EF2A91E5D291500544B8B /* KYZG_swiftTests.swift */ = {isa = PBXFileReference; lastKnownFileType = sourcecode.swift; path = KYZG_swiftTests.swift; sourceTree = "<group>"; };
		143EF2AB1E5D291500544B8B /* Info.plist */ = {isa = PBXFileReference; lastKnownFileType = text.plist.xml; path = Info.plist; sourceTree = "<group>"; };
		143EF2B01E5D291500544B8B /* KYZG_swiftUITests.xctest */ = {isa = PBXFileReference; explicitFileType = wrapper.cfbundle; includeInIndex = 0; path = KYZG_swiftUITests.xctest; sourceTree = BUILT_PRODUCTS_DIR; };
		143EF2B41E5D291500544B8B /* KYZG_swiftUITests.swift */ = {isa = PBXFileReference; lastKnownFileType = sourcecode.swift; path = KYZG_swiftUITests.swift; sourceTree = "<group>"; };
		143EF2B61E5D291500544B8B /* Info.plist */ = {isa = PBXFileReference; lastKnownFileType = text.plist.xml; path = Info.plist; sourceTree = "<group>"; };
		143EF2C21E5D2CB000544B8B /* Images.xcassets */ = {isa = PBXFileReference; lastKnownFileType = folder.assetcatalog; path = Images.xcassets; sourceTree = "<group>"; };
		143EF2C41E5D2D3500544B8B /* RootViewController.swift */ = {isa = PBXFileReference; fileEncoding = 4; lastKnownFileType = sourcecode.swift; path = RootViewController.swift; sourceTree = "<group>"; };
		143EF2C61E5D42D500544B8B /* MyTableViewController.swift */ = {isa = PBXFileReference; fileEncoding = 4; lastKnownFileType = sourcecode.swift; path = MyTableViewController.swift; sourceTree = "<group>"; };
		14479D131E640E7500A6B9E0 /* NavigationController.swift */ = {isa = PBXFileReference; fileEncoding = 4; lastKnownFileType = sourcecode.swift; path = NavigationController.swift; sourceTree = "<group>"; };
		147689A01E5EE54200BD192B /* OSCBanner.swift */ = {isa = PBXFileReference; fileEncoding = 4; lastKnownFileType = sourcecode.swift; path = OSCBanner.swift; sourceTree = "<group>"; };
		14A6F0BA1E60303600D83779 /* OSCInformation.swift */ = {isa = PBXFileReference; fileEncoding = 4; lastKnownFileType = sourcecode.swift; path = OSCInformation.swift; sourceTree = "<group>"; };
		14C01A171E5FF4AC00D64C19 /* BannerScrollView.swift */ = {isa = PBXFileReference; fileEncoding = 4; lastKnownFileType = sourcecode.swift; path = BannerScrollView.swift; sourceTree = "<group>"; };
		67A56ED37491039A1801A2BA /* Pods_KYZG_swift.framework */ = {isa = PBXFileReference; explicitFileType = wrapper.framework; includeInIndex = 0; path = Pods_KYZG_swift.framework; sourceTree = BUILT_PRODUCTS_DIR; };
		C886BD42A09B275918030C6A /* Pods-KYZG_swift.debug.xcconfig */ = {isa = PBXFileReference; includeInIndex = 1; lastKnownFileType = text.xcconfig; name = "Pods-KYZG_swift.debug.xcconfig"; path = "Pods/Target Support Files/Pods-KYZG_swift/Pods-KYZG_swift.debug.xcconfig"; sourceTree = "<group>"; };
		EF402EA77D3872FCC3E4B94C /* Pods-KYZG_swift.release.xcconfig */ = {isa = PBXFileReference; includeInIndex = 1; lastKnownFileType = text.xcconfig; name = "Pods-KYZG_swift.release.xcconfig"; path = "Pods/Target Support Files/Pods-KYZG_swift/Pods-KYZG_swift.release.xcconfig"; sourceTree = "<group>"; };
/* End PBXFileReference section */

/* Begin PBXFrameworksBuildPhase section */
		143EF28E1E5D291500544B8B /* Frameworks */ = {
			isa = PBXFrameworksBuildPhase;
			buildActionMask = 2147483647;
			files = (
				1418B9711E66A6CF00ED1BCF /* libxml2.2.dylib in Frameworks */,
				27E8E155786F30F83A0393C6 /* Pods_KYZG_swift.framework in Frameworks */,
			);
			runOnlyForDeploymentPostprocessing = 0;
		};
		143EF2A21E5D291500544B8B /* Frameworks */ = {
			isa = PBXFrameworksBuildPhase;
			buildActionMask = 2147483647;
			files = (
			);
			runOnlyForDeploymentPostprocessing = 0;
		};
		143EF2AD1E5D291500544B8B /* Frameworks */ = {
			isa = PBXFrameworksBuildPhase;
			buildActionMask = 2147483647;
			files = (
			);
			runOnlyForDeploymentPostprocessing = 0;
		};
/* End PBXFrameworksBuildPhase section */

/* Begin PBXGroup section */
		140417641E5E83B6000CF459 /* extension */ = {
			isa = PBXGroup;
			children = (
				1404175A1E5E7146000CF459 /* UIColor+RGB.swift */,
				1413144B1E67AD8300983DCE /* Utils.swift */,
				140C67DE1E653E6000B99E46 /* String+sha1.swift */,
			);
			name = extension;
			sourceTree = "<group>";
		};
		140417651E5E83D0000CF459 /* view */ = {
			isa = PBXGroup;
			children = (
				1417CE1D1E5D7F6200048DB7 /* NavButtons.swift */,
				14C01A171E5FF4AC00D64C19 /* BannerScrollView.swift */,
			);
			name = view;
			sourceTree = "<group>";
		};
		140417661E5E83E7000CF459 /* controller */ = {
			isa = PBXGroup;
			children = (
				141314511E67E8E900983DCE /* tweets */,
				140C67CF1E65213D00B99E46 /* login */,
				140DE9951E63B4800014176E /* aboutMe */,
				140417671E5EA6F1000CF459 /* comprehensiveViewController */,
				1417CE1B1E5D6A2E00048DB7 /* FoundTableViewController.swift */,
				143EF2C41E5D2D3500544B8B /* RootViewController.swift */,
				143EF2961E5D291500544B8B /* ComposeViewController.swift */,
				14479D131E640E7500A6B9E0 /* NavigationController.swift */,
			);
			name = controller;
			sourceTree = "<group>";
		};
		140417671E5EA6F1000CF459 /* comprehensiveViewController */ = {
			isa = PBXGroup;
			children = (
				141107211E61223F000E7C66 /* InformationTableViewController */,
				1404175E1E5E8310000CF459 /* BlogTableViewController.swift */,
				140417601E5E834E000CF459 /* QuestionsTableViewController.swift */,
				140417621E5E8368000CF459 /* ActivityTableViewController.swift */,
			);
			name = comprehensiveViewController;
			sourceTree = "<group>";
		};
		140C67CF1E65213D00B99E46 /* login */ = {
			isa = PBXGroup;
			children = (
				140C67D01E65214A00B99E46 /* LoginViewController.xib */,
				140C67D21E65215A00B99E46 /* LoginViewController.swift */,
			);
			name = login;
			sourceTree = "<group>";
		};
		140C67D41E65239200B99E46 /* setTing */ = {
			isa = PBXGroup;
			children = (
				140C67D51E6523AF00B99E46 /* SettingViewController.swift */,
			);
			name = setTing;
			sourceTree = "<group>";
		};
		140DE9951E63B4800014176E /* aboutMe */ = {
			isa = PBXGroup;
			children = (
				140C67D41E65239200B99E46 /* setTing */,
				140DE9981E63B4F60014176E /* MyTableHeaderView */,
				143EF2C61E5D42D500544B8B /* MyTableViewController.swift */,
			);
			name = aboutMe;
			sourceTree = "<group>";
		};
		140DE9981E63B4F60014176E /* MyTableHeaderView */ = {
			isa = PBXGroup;
			children = (
				140DE9961E63B4D10014176E /* MyTableHeaderView.swift */,
				140DE9991E63B6DC0014176E /* UserInfoView.swift */,
				1413144F1E67D08100983DCE /* UserInfoViewModel.swift */,
				140DE99B1E63B7770014176E /* UserInfoButtons.swift */,
				140C67CD1E65079600B99E46 /* QuartzCanvasView.swift */,
			);
			name = MyTableHeaderView;
			sourceTree = "<group>";
		};
		141107191E6113D1000E7C66 /* model */ = {
			isa = PBXGroup;
			children = (
				14A6F0BA1E60303600D83779 /* OSCInformation.swift */,
				147689A01E5EE54200BD192B /* OSCBanner.swift */,
				1418B9721E66B1F500ED1BCF /* OSCUser.swift */,
			);
			name = model;
			sourceTree = "<group>";
		};
		141107211E61223F000E7C66 /* InformationTableViewController */ = {
			isa = PBXGroup;
			children = (
				1404175C1E5E82E5000CF459 /* InformationTableViewController.swift */,
				1411071A1E611478000E7C66 /* InformationTableViewControllerModel.swift */,
				141107221E6122A1000E7C66 /* InformationTableViewCell.swift */,
				141107241E612ACF000E7C66 /* InformationTableViewCellModel.swift */,
			);
			name = InformationTableViewController;
			sourceTree = "<group>";
		};
		141314511E67E8E900983DCE /* tweets */ = {
			isa = PBXGroup;
			children = (
				141314521E67E93100983DCE /* TweetsViewController.swift */,
			);
			name = tweets;
			sourceTree = "<group>";
		};
		1418B9671E66A30400ED1BCF /* ParsingXML */ = {
			isa = PBXGroup;
			children = (
				1418B9681E66A31E00ED1BCF /* GDataXMLNode.h */,
				1418B9691E66A31E00ED1BCF /* GDataXMLNode.m */,
				1418B96A1E66A31E00ED1BCF /* ParsingXML.h */,
				1418B96B1E66A31E00ED1BCF /* ParsingXML.m */,
			);
			name = ParsingXML;
			sourceTree = "<group>";
		};
		143EF2881E5D291500544B8B = {
			isa = PBXGroup;
			children = (
				143EF2931E5D291500544B8B /* KYZG_swift */,
				143EF2A81E5D291500544B8B /* KYZG_swiftTests */,
				143EF2B31E5D291500544B8B /* KYZG_swiftUITests */,
				143EF2921E5D291500544B8B /* Products */,
				39D9BE34DE36422303A166B0 /* Pods */,
				1F9EEBE42D2CDD1395858D06 /* Frameworks */,
			);
			sourceTree = "<group>";
		};
		143EF2921E5D291500544B8B /* Products */ = {
			isa = PBXGroup;
			children = (
				143EF2911E5D291500544B8B /* KYZG_swift.app */,
				143EF2A51E5D291500544B8B /* KYZG_swiftTests.xctest */,
				143EF2B01E5D291500544B8B /* KYZG_swiftUITests.xctest */,
			);
			name = Products;
			sourceTree = "<group>";
		};
		143EF2931E5D291500544B8B /* KYZG_swift */ = {
			isa = PBXGroup;
			children = (
				1418B9671E66A30400ED1BCF /* ParsingXML */,
				141107191E6113D1000E7C66 /* model */,
				140417661E5E83E7000CF459 /* controller */,
				140417651E5E83D0000CF459 /* view */,
				140417641E5E83B6000CF459 /* extension */,
				143EF2941E5D291500544B8B /* AppDelegate.swift */,
				143EF2981E5D291500544B8B /* Main.storyboard */,
				143EF29D1E5D291500544B8B /* LaunchScreen.storyboard */,
				143EF2C21E5D2CB000544B8B /* Images.xcassets */,
				143EF2A01E5D291500544B8B /* Info.plist */,
				140C67D71E653E0600B99E46 /* KYZG_swift-Bridging-Header.h */,
			);
			path = KYZG_swift;
			sourceTree = "<group>";
		};
		143EF2A81E5D291500544B8B /* KYZG_swiftTests */ = {
			isa = PBXGroup;
			children = (
				143EF2A91E5D291500544B8B /* KYZG_swiftTests.swift */,
				143EF2AB1E5D291500544B8B /* Info.plist */,
			);
			path = KYZG_swiftTests;
			sourceTree = "<group>";
		};
		143EF2B31E5D291500544B8B /* KYZG_swiftUITests */ = {
			isa = PBXGroup;
			children = (
				143EF2B41E5D291500544B8B /* KYZG_swiftUITests.swift */,
				143EF2B61E5D291500544B8B /* Info.plist */,
			);
			path = KYZG_swiftUITests;
			sourceTree = "<group>";
		};
		1F9EEBE42D2CDD1395858D06 /* Frameworks */ = {
			isa = PBXGroup;
			children = (
				1418B9701E66A6CF00ED1BCF /* libxml2.2.dylib */,
				67A56ED37491039A1801A2BA /* Pods_KYZG_swift.framework */,
			);
			name = Frameworks;
			sourceTree = "<group>";
		};
		39D9BE34DE36422303A166B0 /* Pods */ = {
			isa = PBXGroup;
			children = (
				C886BD42A09B275918030C6A /* Pods-KYZG_swift.debug.xcconfig */,
				EF402EA77D3872FCC3E4B94C /* Pods-KYZG_swift.release.xcconfig */,
			);
			name = Pods;
			sourceTree = "<group>";
		};
/* End PBXGroup section */

/* Begin PBXNativeTarget section */
		143EF2901E5D291500544B8B /* KYZG_swift */ = {
			isa = PBXNativeTarget;
			buildConfigurationList = 143EF2B91E5D291500544B8B /* Build configuration list for PBXNativeTarget "KYZG_swift" */;
			buildPhases = (
				18C612DEEEAE67BAF39F1102 /* [CP] Check Pods Manifest.lock */,
				143EF28D1E5D291500544B8B /* Sources */,
				143EF28E1E5D291500544B8B /* Frameworks */,
				143EF28F1E5D291500544B8B /* Resources */,
				F07B2E25AEC18A67CAE13532 /* [CP] Embed Pods Frameworks */,
				B6F7E6CD25BA777E83383A2C /* [CP] Copy Pods Resources */,
			);
			buildRules = (
			);
			dependencies = (
			);
			name = KYZG_swift;
			productName = KYZG_swift;
			productReference = 143EF2911E5D291500544B8B /* KYZG_swift.app */;
			productType = "com.apple.product-type.application";
		};
		143EF2A41E5D291500544B8B /* KYZG_swiftTests */ = {
			isa = PBXNativeTarget;
			buildConfigurationList = 143EF2BC1E5D291500544B8B /* Build configuration list for PBXNativeTarget "KYZG_swiftTests" */;
			buildPhases = (
				143EF2A11E5D291500544B8B /* Sources */,
				143EF2A21E5D291500544B8B /* Frameworks */,
				143EF2A31E5D291500544B8B /* Resources */,
			);
			buildRules = (
			);
			dependencies = (
				143EF2A71E5D291500544B8B /* PBXTargetDependency */,
			);
			name = KYZG_swiftTests;
			productName = KYZG_swiftTests;
			productReference = 143EF2A51E5D291500544B8B /* KYZG_swiftTests.xctest */;
			productType = "com.apple.product-type.bundle.unit-test";
		};
		143EF2AF1E5D291500544B8B /* KYZG_swiftUITests */ = {
			isa = PBXNativeTarget;
			buildConfigurationList = 143EF2BF1E5D291500544B8B /* Build configuration list for PBXNativeTarget "KYZG_swiftUITests" */;
			buildPhases = (
				143EF2AC1E5D291500544B8B /* Sources */,
				143EF2AD1E5D291500544B8B /* Frameworks */,
				143EF2AE1E5D291500544B8B /* Resources */,
			);
			buildRules = (
			);
			dependencies = (
				143EF2B21E5D291500544B8B /* PBXTargetDependency */,
			);
			name = KYZG_swiftUITests;
			productName = KYZG_swiftUITests;
			productReference = 143EF2B01E5D291500544B8B /* KYZG_swiftUITests.xctest */;
			productType = "com.apple.product-type.bundle.ui-testing";
		};
/* End PBXNativeTarget section */

/* Begin PBXProject section */
		143EF2891E5D291500544B8B /* Project object */ = {
			isa = PBXProject;
			attributes = {
				LastSwiftUpdateCheck = 0820;
				LastUpgradeCheck = 0820;
				ORGANIZATIONNAME = LiTengFang;
				TargetAttributes = {
					143EF2901E5D291500544B8B = {
						CreatedOnToolsVersion = 8.2.1;
						DevelopmentTeam = F8ML633GQS;
						LastSwiftMigration = 0820;
						ProvisioningStyle = Automatic;
					};
					143EF2A41E5D291500544B8B = {
						CreatedOnToolsVersion = 8.2.1;
						ProvisioningStyle = Automatic;
						TestTargetID = 143EF2901E5D291500544B8B;
					};
					143EF2AF1E5D291500544B8B = {
						CreatedOnToolsVersion = 8.2.1;
						ProvisioningStyle = Automatic;
						TestTargetID = 143EF2901E5D291500544B8B;
					};
				};
			};
			buildConfigurationList = 143EF28C1E5D291500544B8B /* Build configuration list for PBXProject "KYZG_swift" */;
			compatibilityVersion = "Xcode 3.2";
			developmentRegion = English;
			hasScannedForEncodings = 0;
			knownRegions = (
				en,
				Base,
			);
			mainGroup = 143EF2881E5D291500544B8B;
			productRefGroup = 143EF2921E5D291500544B8B /* Products */;
			projectDirPath = "";
			projectRoot = "";
			targets = (
				143EF2901E5D291500544B8B /* KYZG_swift */,
				143EF2A41E5D291500544B8B /* KYZG_swiftTests */,
				143EF2AF1E5D291500544B8B /* KYZG_swiftUITests */,
			);
		};
/* End PBXProject section */

/* Begin PBXResourcesBuildPhase section */
		143EF28F1E5D291500544B8B /* Resources */ = {
			isa = PBXResourcesBuildPhase;
			buildActionMask = 2147483647;
			files = (
				140C67D11E65214A00B99E46 /* LoginViewController.xib in Resources */,
				143EF2C31E5D2CB000544B8B /* Images.xcassets in Resources */,
				143EF29F1E5D291500544B8B /* LaunchScreen.storyboard in Resources */,
				143EF29A1E5D291500544B8B /* Main.storyboard in Resources */,
			);
			runOnlyForDeploymentPostprocessing = 0;
		};
		143EF2A31E5D291500544B8B /* Resources */ = {
			isa = PBXResourcesBuildPhase;
			buildActionMask = 2147483647;
			files = (
			);
			runOnlyForDeploymentPostprocessing = 0;
		};
		143EF2AE1E5D291500544B8B /* Resources */ = {
			isa = PBXResourcesBuildPhase;
			buildActionMask = 2147483647;
			files = (
			);
			runOnlyForDeploymentPostprocessing = 0;
		};
/* End PBXResourcesBuildPhase section */

/* Begin PBXShellScriptBuildPhase section */
		18C612DEEEAE67BAF39F1102 /* [CP] Check Pods Manifest.lock */ = {
			isa = PBXShellScriptBuildPhase;
			buildActionMask = 2147483647;
			files = (
			);
			inputPaths = (
			);
			name = "[CP] Check Pods Manifest.lock";
			outputPaths = (
			);
			runOnlyForDeploymentPostprocessing = 0;
			shellPath = /bin/sh;
			shellScript = "diff \"${PODS_ROOT}/../Podfile.lock\" \"${PODS_ROOT}/Manifest.lock\" > /dev/null\nif [ $? != 0 ] ; then\n    # print error to STDERR\n    echo \"error: The sandbox is not in sync with the Podfile.lock. Run 'pod install' or update your CocoaPods installation.\" >&2\n    exit 1\nfi\n";
			showEnvVarsInLog = 0;
		};
		B6F7E6CD25BA777E83383A2C /* [CP] Copy Pods Resources */ = {
			isa = PBXShellScriptBuildPhase;
			buildActionMask = 2147483647;
			files = (
			);
			inputPaths = (
			);
			name = "[CP] Copy Pods Resources";
			outputPaths = (
			);
			runOnlyForDeploymentPostprocessing = 0;
			shellPath = /bin/sh;
			shellScript = "\"${SRCROOT}/Pods/Target Support Files/Pods-KYZG_swift/Pods-KYZG_swift-resources.sh\"\n";
			showEnvVarsInLog = 0;
		};
		F07B2E25AEC18A67CAE13532 /* [CP] Embed Pods Frameworks */ = {
			isa = PBXShellScriptBuildPhase;
			buildActionMask = 2147483647;
			files = (
			);
			inputPaths = (
			);
			name = "[CP] Embed Pods Frameworks";
			outputPaths = (
			);
			runOnlyForDeploymentPostprocessing = 0;
			shellPath = /bin/sh;
			shellScript = "\"${SRCROOT}/Pods/Target Support Files/Pods-KYZG_swift/Pods-KYZG_swift-frameworks.sh\"\n";
			showEnvVarsInLog = 0;
		};
/* End PBXShellScriptBuildPhase section */

/* Begin PBXSourcesBuildPhase section */
		143EF28D1E5D291500544B8B /* Sources */ = {
			isa = PBXSourcesBuildPhase;
			buildActionMask = 2147483647;
			files = (
				14C01A181E5FF4AC00D64C19 /* BannerScrollView.swift in Sources */,
				143EF2971E5D291500544B8B /* ComposeViewController.swift in Sources */,
				141107231E6122A1000E7C66 /* InformationTableViewCell.swift in Sources */,
				140C67D31E65215A00B99E46 /* LoginViewController.swift in Sources */,
				147689A11E5EE54200BD192B /* OSCBanner.swift in Sources */,
				140417611E5E834E000CF459 /* QuestionsTableViewController.swift in Sources */,
				1411071B1E611478000E7C66 /* InformationTableViewControllerModel.swift in Sources */,
				140DE99C1E63B7770014176E /* UserInfoButtons.swift in Sources */,
				1413144C1E67AD8300983DCE /* Utils.swift in Sources */,
				1404175B1E5E7146000CF459 /* UIColor+RGB.swift in Sources */,
				1404175F1E5E8310000CF459 /* BlogTableViewController.swift in Sources */,
				143EF2951E5D291500544B8B /* AppDelegate.swift in Sources */,
				140C67D61E6523AF00B99E46 /* SettingViewController.swift in Sources */,
				143EF2C51E5D2D3500544B8B /* RootViewController.swift in Sources */,
				1404175D1E5E82E5000CF459 /* InformationTableViewController.swift in Sources */,
				141314531E67E93100983DCE /* TweetsViewController.swift in Sources */,
				140417631E5E8368000CF459 /* ActivityTableViewController.swift in Sources */,
				141107251E612ACF000E7C66 /* InformationTableViewCellModel.swift in Sources */,
				141314501E67D08100983DCE /* UserInfoViewModel.swift in Sources */,
				140DE99A1E63B6DC0014176E /* UserInfoView.swift in Sources */,
				1418B96C1E66A31E00ED1BCF /* GDataXMLNode.m in Sources */,
				140C67CE1E65079600B99E46 /* QuartzCanvasView.swift in Sources */,
				14A6F0BB1E60303600D83779 /* OSCInformation.swift in Sources */,
				1418B9731E66B1F500ED1BCF /* OSCUser.swift in Sources */,
				1418B96D1E66A31E00ED1BCF /* ParsingXML.m in Sources */,
				1417CE1E1E5D7F6200048DB7 /* NavButtons.swift in Sources */,
				1417CE1C1E5D6A2E00048DB7 /* FoundTableViewController.swift in Sources */,
				140DE9971E63B4D10014176E /* MyTableHeaderView.swift in Sources */,
				14479D141E640E7500A6B9E0 /* NavigationController.swift in Sources */,
				143EF2C71E5D42D500544B8B /* MyTableViewController.swift in Sources */,
				140C67DF1E653E6000B99E46 /* String+sha1.swift in Sources */,
			);
			runOnlyForDeploymentPostprocessing = 0;
		};
		143EF2A11E5D291500544B8B /* Sources */ = {
			isa = PBXSourcesBuildPhase;
			buildActionMask = 2147483647;
			files = (
				143EF2AA1E5D291500544B8B /* KYZG_swiftTests.swift in Sources */,
			);
			runOnlyForDeploymentPostprocessing = 0;
		};
		143EF2AC1E5D291500544B8B /* Sources */ = {
			isa = PBXSourcesBuildPhase;
			buildActionMask = 2147483647;
			files = (
				143EF2B51E5D291500544B8B /* KYZG_swiftUITests.swift in Sources */,
			);
			runOnlyForDeploymentPostprocessing = 0;
		};
/* End PBXSourcesBuildPhase section */

/* Begin PBXTargetDependency section */
		143EF2A71E5D291500544B8B /* PBXTargetDependency */ = {
			isa = PBXTargetDependency;
			target = 143EF2901E5D291500544B8B /* KYZG_swift */;
			targetProxy = 143EF2A61E5D291500544B8B /* PBXContainerItemProxy */;
		};
		143EF2B21E5D291500544B8B /* PBXTargetDependency */ = {
			isa = PBXTargetDependency;
			target = 143EF2901E5D291500544B8B /* KYZG_swift */;
			targetProxy = 143EF2B11E5D291500544B8B /* PBXContainerItemProxy */;
		};
/* End PBXTargetDependency section */

/* Begin PBXVariantGroup section */
		143EF2981E5D291500544B8B /* Main.storyboard */ = {
			isa = PBXVariantGroup;
			children = (
				143EF2991E5D291500544B8B /* Base */,
			);
			name = Main.storyboard;
			sourceTree = "<group>";
		};
		143EF29D1E5D291500544B8B /* LaunchScreen.storyboard */ = {
			isa = PBXVariantGroup;
			children = (
				143EF29E1E5D291500544B8B /* Base */,
			);
			name = LaunchScreen.storyboard;
			sourceTree = "<group>";
		};
/* End PBXVariantGroup section */

/* Begin XCBuildConfiguration section */
		143EF2B71E5D291500544B8B /* Debug */ = {
			isa = XCBuildConfiguration;
			buildSettings = {
				ALWAYS_SEARCH_USER_PATHS = NO;
				CLANG_ANALYZER_NONNULL = YES;
				CLANG_CXX_LANGUAGE_STANDARD = "gnu++0x";
				CLANG_CXX_LIBRARY = "libc++";
				CLANG_ENABLE_MODULES = YES;
				CLANG_ENABLE_OBJC_ARC = YES;
				CLANG_WARN_BOOL_CONVERSION = YES;
				CLANG_WARN_CONSTANT_CONVERSION = YES;
				CLANG_WARN_DIRECT_OBJC_ISA_USAGE = YES_ERROR;
				CLANG_WARN_DOCUMENTATION_COMMENTS = YES;
				CLANG_WARN_EMPTY_BODY = YES;
				CLANG_WARN_ENUM_CONVERSION = YES;
				CLANG_WARN_INFINITE_RECURSION = YES;
				CLANG_WARN_INT_CONVERSION = YES;
				CLANG_WARN_OBJC_ROOT_CLASS = YES_ERROR;
				CLANG_WARN_SUSPICIOUS_MOVE = YES;
				CLANG_WARN_UNREACHABLE_CODE = YES;
				CLANG_WARN__DUPLICATE_METHOD_MATCH = YES;
				"CODE_SIGN_IDENTITY[sdk=iphoneos*]" = "iPhone Developer";
				COPY_PHASE_STRIP = NO;
				DEBUG_INFORMATION_FORMAT = dwarf;
				ENABLE_STRICT_OBJC_MSGSEND = YES;
				ENABLE_TESTABILITY = YES;
				GCC_C_LANGUAGE_STANDARD = gnu99;
				GCC_DYNAMIC_NO_PIC = NO;
				GCC_NO_COMMON_BLOCKS = YES;
				GCC_OPTIMIZATION_LEVEL = 0;
				GCC_PREPROCESSOR_DEFINITIONS = (
					"DEBUG=1",
					"$(inherited)",
				);
				GCC_WARN_64_TO_32_BIT_CONVERSION = YES;
				GCC_WARN_ABOUT_RETURN_TYPE = YES_ERROR;
				GCC_WARN_UNDECLARED_SELECTOR = YES;
				GCC_WARN_UNINITIALIZED_AUTOS = YES_AGGRESSIVE;
				GCC_WARN_UNUSED_FUNCTION = YES;
				GCC_WARN_UNUSED_VARIABLE = YES;
				IPHONEOS_DEPLOYMENT_TARGET = 10.2;
				MTL_ENABLE_DEBUG_INFO = YES;
				ONLY_ACTIVE_ARCH = YES;
				SDKROOT = iphoneos;
				SWIFT_ACTIVE_COMPILATION_CONDITIONS = DEBUG;
				SWIFT_OPTIMIZATION_LEVEL = "-Onone";
				TARGETED_DEVICE_FAMILY = "1,2";
			};
			name = Debug;
		};
		143EF2B81E5D291500544B8B /* Release */ = {
			isa = XCBuildConfiguration;
			buildSettings = {
				ALWAYS_SEARCH_USER_PATHS = NO;
				CLANG_ANALYZER_NONNULL = YES;
				CLANG_CXX_LANGUAGE_STANDARD = "gnu++0x";
				CLANG_CXX_LIBRARY = "libc++";
				CLANG_ENABLE_MODULES = YES;
				CLANG_ENABLE_OBJC_ARC = YES;
				CLANG_WARN_BOOL_CONVERSION = YES;
				CLANG_WARN_CONSTANT_CONVERSION = YES;
				CLANG_WARN_DIRECT_OBJC_ISA_USAGE = YES_ERROR;
				CLANG_WARN_DOCUMENTATION_COMMENTS = YES;
				CLANG_WARN_EMPTY_BODY = YES;
				CLANG_WARN_ENUM_CONVERSION = YES;
				CLANG_WARN_INFINITE_RECURSION = YES;
				CLANG_WARN_INT_CONVERSION = YES;
				CLANG_WARN_OBJC_ROOT_CLASS = YES_ERROR;
				CLANG_WARN_SUSPICIOUS_MOVE = YES;
				CLANG_WARN_UNREACHABLE_CODE = YES;
				CLANG_WARN__DUPLICATE_METHOD_MATCH = YES;
				"CODE_SIGN_IDENTITY[sdk=iphoneos*]" = "iPhone Developer";
				COPY_PHASE_STRIP = NO;
				DEBUG_INFORMATION_FORMAT = "dwarf-with-dsym";
				ENABLE_NS_ASSERTIONS = NO;
				ENABLE_STRICT_OBJC_MSGSEND = YES;
				GCC_C_LANGUAGE_STANDARD = gnu99;
				GCC_NO_COMMON_BLOCKS = YES;
				GCC_WARN_64_TO_32_BIT_CONVERSION = YES;
				GCC_WARN_ABOUT_RETURN_TYPE = YES_ERROR;
				GCC_WARN_UNDECLARED_SELECTOR = YES;
				GCC_WARN_UNINITIALIZED_AUTOS = YES_AGGRESSIVE;
				GCC_WARN_UNUSED_FUNCTION = YES;
				GCC_WARN_UNUSED_VARIABLE = YES;
				IPHONEOS_DEPLOYMENT_TARGET = 10.2;
				MTL_ENABLE_DEBUG_INFO = NO;
				SDKROOT = iphoneos;
				SWIFT_OPTIMIZATION_LEVEL = "-Owholemodule";
				TARGETED_DEVICE_FAMILY = "1,2";
				VALIDATE_PRODUCT = YES;
			};
			name = Release;
		};
		143EF2BA1E5D291500544B8B /* Debug */ = {
			isa = XCBuildConfiguration;
			baseConfigurationReference = C886BD42A09B275918030C6A /* Pods-KYZG_swift.debug.xcconfig */;
			buildSettings = {
				ASSETCATALOG_COMPILER_APPICON_NAME = AppIcon;
				ASSETCATALOG_COMPILER_LAUNCHIMAGE_NAME = "LaunchImage-3";
				CLANG_ENABLE_MODULES = YES;
				DEVELOPMENT_TEAM = F8ML633GQS;
				FRAMEWORK_SEARCH_PATHS = "$(inherited)";
				HEADER_SEARCH_PATHS = /usr/include/libxml2;
				INFOPLIST_FILE = KYZG_swift/Info.plist;
				IPHONEOS_DEPLOYMENT_TARGET = 9.0;
				LD_RUNPATH_SEARCH_PATHS = "$(inherited) @executable_path/Frameworks ${SDK_ROOT}/usr/include/libxml2";
				OTHER_LDFLAGS = (
					"$(inherited)",
					"-framework",
					"\"Alamofire\"",
					"-framework",
					"\"DateToolsSwift\"",
					"-framework",
					"\"Kingfisher\"",
					"-framework",
					"\"MJExtension\"",
					"-framework",
					"\"MJRefresh\"",
					"-framework",
					"\"SnapKit\"",
					"-framework",
					"\"SwiftyJSON\"",
					"-lxml2",
				);
				PRODUCT_BUNDLE_IDENTIFIER = "boliBaiyYun.KYZG-swift";
				PRODUCT_NAME = "$(TARGET_NAME)";
				SWIFT_OBJC_BRIDGING_HEADER = "KYZG_swift/KYZG_swift-Bridging-Header.h";
				SWIFT_OPTIMIZATION_LEVEL = "-Onone";
				SWIFT_VERSION = 3.0;
			};
			name = Debug;
		};
		143EF2BB1E5D291500544B8B /* Release */ = {
			isa = XCBuildConfiguration;
			baseConfigurationReference = EF402EA77D3872FCC3E4B94C /* Pods-KYZG_swift.release.xcconfig */;
			buildSettings = {
				ASSETCATALOG_COMPILER_APPICON_NAME = AppIcon;
				ASSETCATALOG_COMPILER_LAUNCHIMAGE_NAME = "LaunchImage-3";
				CLANG_ENABLE_MODULES = YES;
				DEVELOPMENT_TEAM = F8ML633GQS;
				FRAMEWORK_SEARCH_PATHS = "$(inherited)";
				HEADER_SEARCH_PATHS = /usr/include/libxml2;
				INFOPLIST_FILE = KYZG_swift/Info.plist;
				IPHONEOS_DEPLOYMENT_TARGET = 9.0;
				LD_RUNPATH_SEARCH_PATHS = "$(inherited) @executable_path/Frameworks ${SDK_ROOT}/usr/include/libxml2";
				OTHER_LDFLAGS = (
					"$(inherited)",
					"-framework",
					"\"Alamofire\"",
					"-framework",
					"\"DateToolsSwift\"",
					"-framework",
					"\"Kingfisher\"",
					"-framework",
					"\"MJExtension\"",
					"-framework",
					"\"MJRefresh\"",
					"-framework",
					"\"SnapKit\"",
					"-framework",
					"\"SwiftyJSON\"",
					"-lxml2",
				);
				PRODUCT_BUNDLE_IDENTIFIER = "boliBaiyYun.KYZG-swift";
				PRODUCT_NAME = "$(TARGET_NAME)";
				SWIFT_OBJC_BRIDGING_HEADER = "KYZG_swift/KYZG_swift-Bridging-Header.h";
				SWIFT_VERSION = 3.0;
			};
			name = Release;
		};
		143EF2BD1E5D291500544B8B /* Debug */ = {
			isa = XCBuildConfiguration;
			buildSettings = {
				ALWAYS_EMBED_SWIFT_STANDARD_LIBRARIES = YES;
				BUNDLE_LOADER = "$(TEST_HOST)";
				INFOPLIST_FILE = KYZG_swiftTests/Info.plist;
				LD_RUNPATH_SEARCH_PATHS = "$(inherited) @executable_path/Frameworks @loader_path/Frameworks";
				PRODUCT_BUNDLE_IDENTIFIER = "boliBaiyYun.KYZG-swiftTests";
				PRODUCT_NAME = "$(TARGET_NAME)";
				SWIFT_VERSION = 3.0;
				TEST_HOST = "$(BUILT_PRODUCTS_DIR)/KYZG_swift.app/KYZG_swift";
			};
			name = Debug;
		};
		143EF2BE1E5D291500544B8B /* Release */ = {
			isa = XCBuildConfiguration;
			buildSettings = {
				ALWAYS_EMBED_SWIFT_STANDARD_LIBRARIES = YES;
				BUNDLE_LOADER = "$(TEST_HOST)";
				INFOPLIST_FILE = KYZG_swiftTests/Info.plist;
				LD_RUNPATH_SEARCH_PATHS = "$(inherited) @executable_path/Frameworks @loader_path/Frameworks";
				PRODUCT_BUNDLE_IDENTIFIER = "boliBaiyYun.KYZG-swiftTests";
				PRODUCT_NAME = "$(TARGET_NAME)";
				SWIFT_VERSION = 3.0;
				TEST_HOST = "$(BUILT_PRODUCTS_DIR)/KYZG_swift.app/KYZG_swift";
			};
			name = Release;
		};
		143EF2C01E5D291500544B8B /* Debug */ = {
			isa = XCBuildConfiguration;
			buildSettings = {
				ALWAYS_EMBED_SWIFT_STANDARD_LIBRARIES = YES;
				INFOPLIST_FILE = KYZG_swiftUITests/Info.plist;
				LD_RUNPATH_SEARCH_PATHS = "$(inherited) @executable_path/Frameworks @loader_path/Frameworks";
				PRODUCT_BUNDLE_IDENTIFIER = "boliBaiyYun.KYZG-swiftUITests";
				PRODUCT_NAME = "$(TARGET_NAME)";
				SWIFT_VERSION = 3.0;
				TEST_TARGET_NAME = KYZG_swift;
			};
			name = Debug;
		};
		143EF2C11E5D291500544B8B /* Release */ = {
			isa = XCBuildConfiguration;
			buildSettings = {
				ALWAYS_EMBED_SWIFT_STANDARD_LIBRARIES = YES;
				INFOPLIST_FILE = KYZG_swiftUITests/Info.plist;
				LD_RUNPATH_SEARCH_PATHS = "$(inherited) @executable_path/Frameworks @loader_path/Frameworks";
				PRODUCT_BUNDLE_IDENTIFIER = "boliBaiyYun.KYZG-swiftUITests";
				PRODUCT_NAME = "$(TARGET_NAME)";
				SWIFT_VERSION = 3.0;
				TEST_TARGET_NAME = KYZG_swift;
			};
			name = Release;
		};
/* End XCBuildConfiguration section */

/* Begin XCConfigurationList section */
		143EF28C1E5D291500544B8B /* Build configuration list for PBXProject "KYZG_swift" */ = {
			isa = XCConfigurationList;
			buildConfigurations = (
				143EF2B71E5D291500544B8B /* Debug */,
				143EF2B81E5D291500544B8B /* Release */,
			);
			defaultConfigurationIsVisible = 0;
			defaultConfigurationName = Release;
		};
		143EF2B91E5D291500544B8B /* Build configuration list for PBXNativeTarget "KYZG_swift" */ = {
			isa = XCConfigurationList;
			buildConfigurations = (
				143EF2BA1E5D291500544B8B /* Debug */,
				143EF2BB1E5D291500544B8B /* Release */,
			);
			defaultConfigurationIsVisible = 0;
			defaultConfigurationName = Release;
		};
		143EF2BC1E5D291500544B8B /* Build configuration list for PBXNativeTarget "KYZG_swiftTests" */ = {
			isa = XCConfigurationList;
			buildConfigurations = (
				143EF2BD1E5D291500544B8B /* Debug */,
				143EF2BE1E5D291500544B8B /* Release */,
			);
			defaultConfigurationIsVisible = 0;
			defaultConfigurationName = Release;
		};
		143EF2BF1E5D291500544B8B /* Build configuration list for PBXNativeTarget "KYZG_swiftUITests" */ = {
			isa = XCConfigurationList;
			buildConfigurations = (
				143EF2C01E5D291500544B8B /* Debug */,
				143EF2C11E5D291500544B8B /* Release */,
			);
			defaultConfigurationIsVisible = 0;
			defaultConfigurationName = Release;
		};
/* End XCConfigurationList section */
	};
	rootObject = 143EF2891E5D291500544B8B /* Project object */;
}
