// !$*UTF8*$!
{
	archiveVersion = 1;
	classes = {
	};
	objectVersion = 46;
	objects = {

/* Begin PBXBuildFile section */
		143EF2951E5D291500544B8B /* AppDelegate.swift in Sources */ = {isa = PBXBuildFile; fileRef = 143EF2941E5D291500544B8B /* AppDelegate.swift */; };
		143EF2971E5D291500544B8B /* ViewController.swift in Sources */ = {isa = PBXBuildFile; fileRef = 143EF2961E5D291500544B8B /* ViewController.swift */; };
		143EF29A1E5D291500544B8B /* Main.storyboard in Resources */ = {isa = PBXBuildFile; fileRef = 143EF2981E5D291500544B8B /* Main.storyboard */; };
		143EF29C1E5D291500544B8B /* Assets.xcassets in Resources */ = {isa = PBXBuildFile; fileRef = 143EF29B1E5D291500544B8B /* Assets.xcassets */; };
		143EF29F1E5D291500544B8B /* LaunchScreen.storyboard in Resources */ = {isa = PBXBuildFile; fileRef = 143EF29D1E5D291500544B8B /* LaunchScreen.storyboard */; };
		143EF2AA1E5D291500544B8B /* KYZG_swiftTests.swift in Sources */ = {isa = PBXBuildFile; fileRef = 143EF2A91E5D291500544B8B /* KYZG_swiftTests.swift */; };
		143EF2B51E5D291500544B8B /* KYZG_swiftUITests.swift in Sources */ = {isa = PBXBuildFile; fileRef = 143EF2B41E5D291500544B8B /* KYZG_swiftUITests.swift */; };
/* End PBXBuildFile section */

/* Begin PBXContainerItemProxy section */
		143EF2A61E5D291500544B8B /* PBXContainerItemProxy */ = {
			isa = PBXContainerItemProxy;
			containerPortal = 143EF2891E5D291500544B8B /* Project object */;
			proxyType = 1;
			remoteGlobalIDString = 143EF2901E5D291500544B8B;
			remoteInfo = KYZG_swift;
		};
		143EF2B11E5D291500544B8B /* PBXContainerItemProxy */ = {
			isa = PBXContainerItemProxy;
			containerPortal = 143EF2891E5D291500544B8B /* Project object */;
			proxyType = 1;
			remoteGlobalIDString = 143EF2901E5D291500544B8B;
			remoteInfo = KYZG_swift;
		};
/* End PBXContainerItemProxy section */

/* Begin PBXFileReference section */
		143EF2911E5D291500544B8B /* KYZG_swift.app */ = {isa = PBXFileReference; explicitFileType = wrapper.application; includeInIndex = 0; path = KYZG_swift.app; sourceTree = BUILT_PRODUCTS_DIR; };
		143EF2941E5D291500544B8B /* AppDelegate.swift */ = {isa = PBXFileReference; lastKnownFileType = sourcecode.swift; path = AppDelegate.swift; sourceTree = "<group>"; };
		143EF2961E5D291500544B8B /* ViewController.swift */ = {isa = PBXFileReference; lastKnownFileType = sourcecode.swift; path = ViewController.swift; sourceTree = "<group>"; };
		143EF2991E5D291500544B8B /* Base */ = {isa = PBXFileReference; lastKnownFileType = file.storyboard; name = Base; path = Base.lproj/Main.storyboard; sourceTree = "<group>"; };
		143EF29B1E5D291500544B8B /* Assets.xcassets */ = {isa = PBXFileReference; lastKnownFileType = folder.assetcatalog; path = Assets.xcassets; sourceTree = "<group>"; };
		143EF29E1E5D291500544B8B /* Base */ = {isa = PBXFileReference; lastKnownFileType = file.storyboard; name = Base; path = Base.lproj/LaunchScreen.storyboard; sourceTree = "<group>"; };
		143EF2A01E5D291500544B8B /* Info.plist */ = {isa = PBXFileReference; lastKnownFileType = text.plist.xml; path = Info.plist; sourceTree = "<group>"; };
		143EF2A51E5D291500544B8B /* KYZG_swiftTests.xctest */ = {isa = PBXFileReference; explicitFileType = wrapper.cfbundle; includeInIndex = 0; path = KYZG_swiftTests.xctest; sourceTree = BUILT_PRODUCTS_DIR; };
		143EF2A91E5D291500544B8B /* KYZG_swiftTests.swift */ = {isa = PBXFileReference; lastKnownFileType = sourcecode.swift; path = KYZG_swiftTests.swift; sourceTree = "<group>"; };
		143EF2AB1E5D291500544B8B /* Info.plist */ = {isa = PBXFileReference; lastKnownFileType = text.plist.xml; path = Info.plist; sourceTree = "<group>"; };
		143EF2B01E5D291500544B8B /* KYZG_swiftUITests.xctest */ = {isa = PBXFileReference; explicitFileType = wrapper.cfbundle; includeInIndex = 0; path = KYZG_swiftUITests.xctest; sourceTree = BUILT_PRODUCTS_DIR; };
		143EF2B41E5D291500544B8B /* KYZG_swiftUITests.swift */ = {isa = PBXFileReference; lastKnownFileType = sourcecode.swift; path = KYZG_swiftUITests.swift; sourceTree = "<group>"; };
		143EF2B61E5D291500544B8B /* Info.plist */ = {isa = PBXFileReference; lastKnownFileType = text.plist.xml; path = Info.plist; sourceTree = "<group>"; };
/* End PBXFileReference section */

/* Begin PBXFrameworksBuildPhase section */
		143EF28E1E5D291500544B8B /* Frameworks */ = {
			isa = PBXFrameworksBuildPhase;
			buildActionMask = 2147483647;
			files = (
			);
			runOnlyForDeploymentPostprocessing = 0;
		};
		143EF2A21E5D291500544B8B /* Frameworks */ = {
			isa = PBXFrameworksBuildPhase;
			buildActionMask = 2147483647;
			files = (
			);
			runOnlyForDeploymentPostprocessing = 0;
		};
		143EF2AD1E5D291500544B8B /* Frameworks */ = {
			isa = PBXFrameworksBuildPhase;
			buildActionMask = 2147483647;
			files = (
			);
			runOnlyForDeploymentPostprocessing = 0;
		};
/* End PBXFrameworksBuildPhase section */

/* Begin PBXGroup section */
		143EF2881E5D291500544B8B = {
			isa = PBXGroup;
			children = (
				143EF2931E5D291500544B8B /* KYZG_swift */,
				143EF2A81E5D291500544B8B /* KYZG_swiftTests */,
				143EF2B31E5D291500544B8B /* KYZG_swiftUITests */,
				143EF2921E5D291500544B8B /* Products */,
			);
			sourceTree = "<group>";
		};
		143EF2921E5D291500544B8B /* Products */ = {
			isa = PBXGroup;
			children = (
				143EF2911E5D291500544B8B /* KYZG_swift.app */,
				143EF2A51E5D291500544B8B /* KYZG_swiftTests.xctest */,
				143EF2B01E5D291500544B8B /* KYZG_swiftUITests.xctest */,
			);
			name = Products;
			sourceTree = "<group>";
		};
		143EF2931E5D291500544B8B /* KYZG_swift */ = {
			isa = PBXGroup;
			children = (
				143EF2941E5D291500544B8B /* AppDelegate.swift */,
				143EF2961E5D291500544B8B /* ViewController.swift */,
				143EF2981E5D291500544B8B /* Main.storyboard */,
				143EF29B1E5D291500544B8B /* Assets.xcassets */,
				143EF29D1E5D291500544B8B /* LaunchScreen.storyboard */,
				143EF2A01E5D291500544B8B /* Info.plist */,
			);
			path = KYZG_swift;
			sourceTree = "<group>";
		};
		143EF2A81E5D291500544B8B /* KYZG_swiftTests */ = {
			isa = PBXGroup;
			children = (
				143EF2A91E5D291500544B8B /* KYZG_swiftTests.swift */,
				143EF2AB1E5D291500544B8B /* Info.plist */,
			);
			path = KYZG_swiftTests;
			sourceTree = "<group>";
		};
		143EF2B31E5D291500544B8B /* KYZG_swiftUITests */ = {
			isa = PBXGroup;
			children = (
				143EF2B41E5D291500544B8B /* KYZG_swiftUITests.swift */,
				143EF2B61E5D291500544B8B /* Info.plist */,
			);
			path = KYZG_swiftUITests;
			sourceTree = "<group>";
		};
/* End PBXGroup section */

/* Begin PBXNativeTarget section */
		143EF2901E5D291500544B8B /* KYZG_swift */ = {
			isa = PBXNativeTarget;
			buildConfigurationList = 143EF2B91E5D291500544B8B /* Build configuration list for PBXNativeTarget "KYZG_swift" */;
			buildPhases = (
				143EF28D1E5D291500544B8B /* Sources */,
				143EF28E1E5D291500544B8B /* Frameworks */,
				143EF28F1E5D291500544B8B /* Resources */,
			);
			buildRules = (
			);
			dependencies = (
			);
			name = KYZG_swift;
			productName = KYZG_swift;
			productReference = 143EF2911E5D291500544B8B /* KYZG_swift.app */;
			productType = "com.apple.product-type.application";
		};
		143EF2A41E5D291500544B8B /* KYZG_swiftTests */ = {
			isa = PBXNativeTarget;
			buildConfigurationList = 143EF2BC1E5D291500544B8B /* Build configuration list for PBXNativeTarget "KYZG_swiftTests" */;
			buildPhases = (
				143EF2A11E5D291500544B8B /* Sources */,
				143EF2A21E5D291500544B8B /* Frameworks */,
				143EF2A31E5D291500544B8B /* Resources */,
			);
			buildRules = (
			);
			dependencies = (
				143EF2A71E5D291500544B8B /* PBXTargetDependency */,
			);
			name = KYZG_swiftTests;
			productName = KYZG_swiftTests;
			productReference = 143EF2A51E5D291500544B8B /* KYZG_swiftTests.xctest */;
			productType = "com.apple.product-type.bundle.unit-test";
		};
		143EF2AF1E5D291500544B8B /* KYZG_swiftUITests */ = {
			isa = PBXNativeTarget;
			buildConfigurationList = 143EF2BF1E5D291500544B8B /* Build configuration list for PBXNativeTarget "KYZG_swiftUITests" */;
			buildPhases = (
				143EF2AC1E5D291500544B8B /* Sources */,
				143EF2AD1E5D291500544B8B /* Frameworks */,
				143EF2AE1E5D291500544B8B /* Resources */,
			);
			buildRules = (
			);
			dependencies = (
				143EF2B21E5D291500544B8B /* PBXTargetDependency */,
			);
			name = KYZG_swiftUITests;
			productName = KYZG_swiftUITests;
			productReference = 143EF2B01E5D291500544B8B /* KYZG_swiftUITests.xctest */;
			productType = "com.apple.product-type.bundle.ui-testing";
		};
/* End PBXNativeTarget section */

/* Begin PBXProject section */
		143EF2891E5D291500544B8B /* Project object */ = {
			isa = PBXProject;
			attributes = {
				LastSwiftUpdateCheck = 0820;
				LastUpgradeCheck = 0820;
				ORGANIZATIONNAME = LiTengFang;
				TargetAttributes = {
					143EF2901E5D291500544B8B = {
						CreatedOnToolsVersion = 8.2.1;
						ProvisioningStyle = Automatic;
					};
					143EF2A41E5D291500544B8B = {
						CreatedOnToolsVersion = 8.2.1;
						ProvisioningStyle = Automatic;
						TestTargetID = 143EF2901E5D291500544B8B;
					};
					143EF2AF1E5D291500544B8B = {
						CreatedOnToolsVersion = 8.2.1;
						ProvisioningStyle = Automatic;
						TestTargetID = 143EF2901E5D291500544B8B;
					};
				};
			};
			buildConfigurationList = 143EF28C1E5D291500544B8B /* Build configuration list for PBXProject "KYZG_swift" */;
			compatibilityVersion = "Xcode 3.2";
			developmentRegion = English;
			hasScannedForEncodings = 0;
			knownRegions = (
				en,
				Base,
			);
			mainGroup = 143EF2881E5D291500544B8B;
			productRefGroup = 143EF2921E5D291500544B8B /* Products */;
			projectDirPath = "";
			projectRoot = "";
			targets = (
				143EF2901E5D291500544B8B /* KYZG_swift */,
				143EF2A41E5D291500544B8B /* KYZG_swiftTests */,
				143EF2AF1E5D291500544B8B /* KYZG_swiftUITests */,
			);
		};
/* End PBXProject section */

/* Begin PBXResourcesBuildPhase section */
		143EF28F1E5D291500544B8B /* Resources */ = {
			isa = PBXResourcesBuildPhase;
			buildActionMask = 2147483647;
			files = (
				143EF29F1E5D291500544B8B /* LaunchScreen.storyboard in Resources */,
				143EF29C1E5D291500544B8B /* Assets.xcassets in Resources */,
				143EF29A1E5D291500544B8B /* Main.storyboard in Resources */,
			);
			runOnlyForDeploymentPostprocessing = 0;
		};
		143EF2A31E5D291500544B8B /* Resources */ = {
			isa = PBXResourcesBuildPhase;
			buildActionMask = 2147483647;
			files = (
			);
			runOnlyForDeploymentPostprocessing = 0;
		};
		143EF2AE1E5D291500544B8B /* Resources */ = {
			isa = PBXResourcesBuildPhase;
			buildActionMask = 2147483647;
			files = (
			);
			runOnlyForDeploymentPostprocessing = 0;
		};
/* End PBXResourcesBuildPhase section */

/* Begin PBXSourcesBuildPhase section */
		143EF28D1E5D291500544B8B /* Sources */ = {
			isa = PBXSourcesBuildPhase;
			buildActionMask = 2147483647;
			files = (
				143EF2971E5D291500544B8B /* ViewController.swift in Sources */,
				143EF2951E5D291500544B8B /* AppDelegate.swift in Sources */,
			);
			runOnlyForDeploymentPostprocessing = 0;
		};
		143EF2A11E5D291500544B8B /* Sources */ = {
			isa = PBXSourcesBuildPhase;
			buildActionMask = 2147483647;
			files = (
				143EF2AA1E5D291500544B8B /* KYZG_swiftTests.swift in Sources */,
			);
			runOnlyForDeploymentPostprocessing = 0;
		};
		143EF2AC1E5D291500544B8B /* Sources */ = {
			isa = PBXSourcesBuildPhase;
			buildActionMask = 2147483647;
			files = (
				143EF2B51E5D291500544B8B /* KYZG_swiftUITests.swift in Sources */,
			);
			runOnlyForDeploymentPostprocessing = 0;
		};
/* End PBXSourcesBuildPhase section */

/* Begin PBXTargetDependency section */
		143EF2A71E5D291500544B8B /* PBXTargetDependency */ = {
			isa = PBXTargetDependency;
			target = 143EF2901E5D291500544B8B /* KYZG_swift */;
			targetProxy = 143EF2A61E5D291500544B8B /* PBXContainerItemProxy */;
		};
		143EF2B21E5D291500544B8B /* PBXTargetDependency */ = {
			isa = PBXTargetDependency;
			target = 143EF2901E5D291500544B8B /* KYZG_swift */;
			targetProxy = 143EF2B11E5D291500544B8B /* PBXContainerItemProxy */;
		};
/* End PBXTargetDependency section */

/* Begin PBXVariantGroup section */
		143EF2981E5D291500544B8B /* Main.storyboard */ = {
			isa = PBXVariantGroup;
			children = (
				143EF2991E5D291500544B8B /* Base */,
			);
			name = Main.storyboard;
			sourceTree = "<group>";
		};
		143EF29D1E5D291500544B8B /* LaunchScreen.storyboard */ = {
			isa = PBXVariantGroup;
			children = (
				143EF29E1E5D291500544B8B /* Base */,
			);
			name = LaunchScreen.storyboard;
			sourceTree = "<group>";
		};
/* End PBXVariantGroup section */

/* Begin XCBuildConfiguration section */
		143EF2B71E5D291500544B8B /* Debug */ = {
			isa = XCBuildConfiguration;
			buildSettings = {
				ALWAYS_SEARCH_USER_PATHS = NO;
				CLANG_ANALYZER_NONNULL = YES;
				CLANG_CXX_LANGUAGE_STANDARD = "gnu++0x";
				CLANG_CXX_LIBRARY = "libc++";
				CLANG_ENABLE_MODULES = YES;
				CLANG_ENABLE_OBJC_ARC = YES;
				CLANG_WARN_BOOL_CONVERSION = YES;
				CLANG_WARN_CONSTANT_CONVERSION = YES;
				CLANG_WARN_DIRECT_OBJC_ISA_USAGE = YES_ERROR;
				CLANG_WARN_DOCUMENTATION_COMMENTS = YES;
				CLANG_WARN_EMPTY_BODY = YES;
				CLANG_WARN_ENUM_CONVERSION = YES;
				CLANG_WARN_INFINITE_RECURSION = YES;
				CLANG_WARN_INT_CONVERSION = YES;
				CLANG_WARN_OBJC_ROOT_CLASS = YES_ERROR;
				CLANG_WARN_SUSPICIOUS_MOVE = YES;
				CLANG_WARN_UNREACHABLE_CODE = YES;
				CLANG_WARN__DUPLICATE_METHOD_MATCH = YES;
				"CODE_SIGN_IDENTITY[sdk=iphoneos*]" = "iPhone Developer";
				COPY_PHASE_STRIP = NO;
				DEBUG_INFORMATION_FORMAT = dwarf;
				ENABLE_STRICT_OBJC_MSGSEND = YES;
				ENABLE_TESTABILITY = YES;
				GCC_C_LANGUAGE_STANDARD = gnu99;
				GCC_DYNAMIC_NO_PIC = NO;
				GCC_NO_COMMON_BLOCKS = YES;
				GCC_OPTIMIZATION_LEVEL = 0;
				GCC_PREPROCESSOR_DEFINITIONS = (
					"DEBUG=1",
					"$(inherited)",
				);
				GCC_WARN_64_TO_32_BIT_CONVERSION = YES;
				GCC_WARN_ABOUT_RETURN_TYPE = YES_ERROR;
				GCC_WARN_UNDECLARED_SELECTOR = YES;
				GCC_WARN_UNINITIALIZED_AUTOS = YES_AGGRESSIVE;
				GCC_WARN_UNUSED_FUNCTION = YES;
				GCC_WARN_UNUSED_VARIABLE = YES;
				IPHONEOS_DEPLOYMENT_TARGET = 10.2;
				MTL_ENABLE_DEBUG_INFO = YES;
				ONLY_ACTIVE_ARCH = YES;
				SDKROOT = iphoneos;
				SWIFT_ACTIVE_COMPILATION_CONDITIONS = DEBUG;
				SWIFT_OPTIMIZATION_LEVEL = "-Onone";
				TARGETED_DEVICE_FAMILY = "1,2";
			};
			name = Debug;
		};
		143EF2B81E5D291500544B8B /* Release */ = {
			isa = XCBuildConfiguration;
			buildSettings = {
				ALWAYS_SEARCH_USER_PATHS = NO;
				CLANG_ANALYZER_NONNULL = YES;
				CLANG_CXX_LANGUAGE_STANDARD = "gnu++0x";
				CLANG_CXX_LIBRARY = "libc++";
				CLANG_ENABLE_MODULES = YES;
				CLANG_ENABLE_OBJC_ARC = YES;
				CLANG_WARN_BOOL_CONVERSION = YES;
				CLANG_WARN_CONSTANT_CONVERSION = YES;
				CLANG_WARN_DIRECT_OBJC_ISA_USAGE = YES_ERROR;
				CLANG_WARN_DOCUMENTATION_COMMENTS = YES;
				CLANG_WARN_EMPTY_BODY = YES;
				CLANG_WARN_ENUM_CONVERSION = YES;
				CLANG_WARN_INFINITE_RECURSION = YES;
				CLANG_WARN_INT_CONVERSION = YES;
				CLANG_WARN_OBJC_ROOT_CLASS = YES_ERROR;
				CLANG_WARN_SUSPICIOUS_MOVE = YES;
				CLANG_WARN_UNREACHABLE_CODE = YES;
				CLANG_WARN__DUPLICATE_METHOD_MATCH = YES;
				"CODE_SIGN_IDENTITY[sdk=iphoneos*]" = "iPhone Developer";
				COPY_PHASE_STRIP = NO;
				DEBUG_INFORMATION_FORMAT = "dwarf-with-dsym";
				ENABLE_NS_ASSERTIONS = NO;
				ENABLE_STRICT_OBJC_MSGSEND = YES;
				GCC_C_LANGUAGE_STANDARD = gnu99;
				GCC_NO_COMMON_BLOCKS = YES;
				GCC_WARN_64_TO_32_BIT_CONVERSION = YES;
				GCC_WARN_ABOUT_RETURN_TYPE = YES_ERROR;
				GCC_WARN_UNDECLARED_SELECTOR = YES;
				GCC_WARN_UNINITIALIZED_AUTOS = YES_AGGRESSIVE;
				GCC_WARN_UNUSED_FUNCTION = YES;
				GCC_WARN_UNUSED_VARIABLE = YES;
				IPHONEOS_DEPLOYMENT_TARGET = 10.2;
				MTL_ENABLE_DEBUG_INFO = NO;
				SDKROOT = iphoneos;
				SWIFT_OPTIMIZATION_LEVEL = "-Owholemodule";
				TARGETED_DEVICE_FAMILY = "1,2";
				VALIDATE_PRODUCT = YES;
			};
			name = Release;
		};
		143EF2BA1E5D291500544B8B /* Debug */ = {
			isa = XCBuildConfiguration;
			buildSettings = {
				ASSETCATALOG_COMPILER_APPICON_NAME = AppIcon;
				INFOPLIST_FILE = KYZG_swift/Info.plist;
				LD_RUNPATH_SEARCH_PATHS = "$(inherited) @executable_path/Frameworks";
				PRODUCT_BUNDLE_IDENTIFIER = "boliBaiyYun.KYZG-swift";
				PRODUCT_NAME = "$(TARGET_NAME)";
				SWIFT_VERSION = 3.0;
			};
			name = Debug;
		};
		143EF2BB1E5D291500544B8B /* Release */ = {
			isa = XCBuildConfiguration;
			buildSettings = {
				ASSETCATALOG_COMPILER_APPICON_NAME = AppIcon;
				INFOPLIST_FILE = KYZG_swift/Info.plist;
				LD_RUNPATH_SEARCH_PATHS = "$(inherited) @executable_path/Frameworks";
				PRODUCT_BUNDLE_IDENTIFIER = "boliBaiyYun.KYZG-swift";
				PRODUCT_NAME = "$(TARGET_NAME)";
				SWIFT_VERSION = 3.0;
			};
			name = Release;
		};
		143EF2BD1E5D291500544B8B /* Debug */ = {
			isa = XCBuildConfiguration;
			buildSettings = {
				ALWAYS_EMBED_SWIFT_STANDARD_LIBRARIES = YES;
				BUNDLE_LOADER = "$(TEST_HOST)";
				INFOPLIST_FILE = KYZG_swiftTests/Info.plist;
				LD_RUNPATH_SEARCH_PATHS = "$(inherited) @executable_path/Frameworks @loader_path/Frameworks";
				PRODUCT_BUNDLE_IDENTIFIER = "boliBaiyYun.KYZG-swiftTests";
				PRODUCT_NAME = "$(TARGET_NAME)";
				SWIFT_VERSION = 3.0;
				TEST_HOST = "$(BUILT_PRODUCTS_DIR)/KYZG_swift.app/KYZG_swift";
			};
			name = Debug;
		};
		143EF2BE1E5D291500544B8B /* Release */ = {
			isa = XCBuildConfiguration;
			buildSettings = {
				ALWAYS_EMBED_SWIFT_STANDARD_LIBRARIES = YES;
				BUNDLE_LOADER = "$(TEST_HOST)";
				INFOPLIST_FILE = KYZG_swiftTests/Info.plist;
				LD_RUNPATH_SEARCH_PATHS = "$(inherited) @executable_path/Frameworks @loader_path/Frameworks";
				PRODUCT_BUNDLE_IDENTIFIER = "boliBaiyYun.KYZG-swiftTests";
				PRODUCT_NAME = "$(TARGET_NAME)";
				SWIFT_VERSION = 3.0;
				TEST_HOST = "$(BUILT_PRODUCTS_DIR)/KYZG_swift.app/KYZG_swift";
			};
			name = Release;
		};
		143EF2C01E5D291500544B8B /* Debug */ = {
			isa = XCBuildConfiguration;
			buildSettings = {
				ALWAYS_EMBED_SWIFT_STANDARD_LIBRARIES = YES;
				INFOPLIST_FILE = KYZG_swiftUITests/Info.plist;
				LD_RUNPATH_SEARCH_PATHS = "$(inherited) @executable_path/Frameworks @loader_path/Frameworks";
				PRODUCT_BUNDLE_IDENTIFIER = "boliBaiyYun.KYZG-swiftUITests";
				PRODUCT_NAME = "$(TARGET_NAME)";
				SWIFT_VERSION = 3.0;
				TEST_TARGET_NAME = KYZG_swift;
			};
			name = Debug;
		};
		143EF2C11E5D291500544B8B /* Release */ = {
			isa = XCBuildConfiguration;
			buildSettings = {
				ALWAYS_EMBED_SWIFT_STANDARD_LIBRARIES = YES;
				INFOPLIST_FILE = KYZG_swiftUITests/Info.plist;
				LD_RUNPATH_SEARCH_PATHS = "$(inherited) @executable_path/Frameworks @loader_path/Frameworks";
				PRODUCT_BUNDLE_IDENTIFIER = "boliBaiyYun.KYZG-swiftUITests";
				PRODUCT_NAME = "$(TARGET_NAME)";
				SWIFT_VERSION = 3.0;
				TEST_TARGET_NAME = KYZG_swift;
			};
			name = Release;
		};
/* End XCBuildConfiguration section */

/* Begin XCConfigurationList section */
		143EF28C1E5D291500544B8B /* Build configuration list for PBXProject "KYZG_swift" */ = {
			isa = XCConfigurationList;
			buildConfigurations = (
				143EF2B71E5D291500544B8B /* Debug */,
				143EF2B81E5D291500544B8B /* Release */,
			);
			defaultConfigurationIsVisible = 0;
			defaultConfigurationName = Release;
		};
		143EF2B91E5D291500544B8B /* Build configuration list for PBXNativeTarget "KYZG_swift" */ = {
			isa = XCConfigurationList;
			buildConfigurations = (
				143EF2BA1E5D291500544B8B /* Debug */,
				143EF2BB1E5D291500544B8B /* Release */,
			);
			defaultConfigurationIsVisible = 0;
		};
		143EF2BC1E5D291500544B8B /* Build configuration list for PBXNativeTarget "KYZG_swiftTests" */ = {
			isa = XCConfigurationList;
			buildConfigurations = (
				143EF2BD1E5D291500544B8B /* Debug */,
				143EF2BE1E5D291500544B8B /* Release */,
			);
			defaultConfigurationIsVisible = 0;
		};
		143EF2BF1E5D291500544B8B /* Build configuration list for PBXNativeTarget "KYZG_swiftUITests" */ = {
			isa = XCConfigurationList;
			buildConfigurations = (
				143EF2C01E5D291500544B8B /* Debug */,
				143EF2C11E5D291500544B8B /* Release */,
			);
			defaultConfigurationIsVisible = 0;
		};
/* End XCConfigurationList section */
	};
	rootObject = 143EF2891E5D291500544B8B /* Project object */;
}
