// !$*UTF8*$!
{
	archiveVersion = 1;
	classes = {
	};
	objectVersion = 46;
	objects = {

/* Begin PBXBuildFile section */
		1418B9711E66A6CF00ED1BCF /* libxml2.2.dylib in Frameworks */ = {isa = PBXBuildFile; fileRef = 1418B9701E66A6CF00ED1BCF /* libxml2.2.dylib */; };
		1428870D1EC0478A004E94AB /* UIScrollView+Rx_Xf.swift in Sources */ = {isa = PBXBuildFile; fileRef = 1428870C1EC0478A004E94AB /* UIScrollView+Rx_Xf.swift */; };
		143EF2951E5D291500544B8B /* AppDelegate.swift in Sources */ = {isa = PBXBuildFile; fileRef = 143EF2941E5D291500544B8B /* AppDelegate.swift */; };
		143EF29A1E5D291500544B8B /* Main.storyboard in Resources */ = {isa = PBXBuildFile; fileRef = 143EF2981E5D291500544B8B /* Main.storyboard */; };
		143EF29F1E5D291500544B8B /* LaunchScreen.storyboard in Resources */ = {isa = PBXBuildFile; fileRef = 143EF29D1E5D291500544B8B /* LaunchScreen.storyboard */; };
		143EF2AA1E5D291500544B8B /* KYZG_swiftTests.swift in Sources */ = {isa = PBXBuildFile; fileRef = 143EF2A91E5D291500544B8B /* KYZG_swiftTests.swift */; };
		143EF2B51E5D291500544B8B /* KYZG_swiftUITests.swift in Sources */ = {isa = PBXBuildFile; fileRef = 143EF2B41E5D291500544B8B /* KYZG_swiftUITests.swift */; };
		143EF2C31E5D2CB000544B8B /* Images.xcassets in Resources */ = {isa = PBXBuildFile; fileRef = 143EF2C21E5D2CB000544B8B /* Images.xcassets */; };
		14AFCF2C1EB333ED00B75272 /* TweetsViewController.swift in Sources */ = {isa = PBXBuildFile; fileRef = 14AFCEDD1EB333ED00B75272 /* TweetsViewController.swift */; };
		14AFCF2D1EB333ED00B75272 /* TweetsViewControllerDataSource.swift in Sources */ = {isa = PBXBuildFile; fileRef = 14AFCEDE1EB333ED00B75272 /* TweetsViewControllerDataSource.swift */; };
		14AFCF2E1EB333ED00B75272 /* TweetsViewControllerModel.swift in Sources */ = {isa = PBXBuildFile; fileRef = 14AFCEE01EB333ED00B75272 /* TweetsViewControllerModel.swift */; };
		14AFCF2F1EB333ED00B75272 /* TweetTableViewCell.swift in Sources */ = {isa = PBXBuildFile; fileRef = 14AFCEE31EB333ED00B75272 /* TweetTableViewCell.swift */; };
		14AFCF301EB333ED00B75272 /* FoundTableViewController.swift in Sources */ = {isa = PBXBuildFile; fileRef = 14AFCEE61EB333ED00B75272 /* FoundTableViewController.swift */; };
		14AFCF311EB333ED00B75272 /* SendTweetsViewController.swift in Sources */ = {isa = PBXBuildFile; fileRef = 14AFCEEC1EB333ED00B75272 /* SendTweetsViewController.swift */; };
		14AFCF321EB333ED00B75272 /* MyTableViewController.swift in Sources */ = {isa = PBXBuildFile; fileRef = 14AFCEF21EB333ED00B75272 /* MyTableViewController.swift */; };
		14AFCF331EB333ED00B75272 /* MyTableViewDataSource.swift in Sources */ = {isa = PBXBuildFile; fileRef = 14AFCEF31EB333ED00B75272 /* MyTableViewDataSource.swift */; };
		14AFCF341EB333ED00B75272 /* SettingViewController.swift in Sources */ = {isa = PBXBuildFile; fileRef = 14AFCEF41EB333ED00B75272 /* SettingViewController.swift */; };
		14AFCF351EB333ED00B75272 /* UserInfoViewModel.swift in Sources */ = {isa = PBXBuildFile; fileRef = 14AFCEF61EB333ED00B75272 /* UserInfoViewModel.swift */; };
		14AFCF361EB333ED00B75272 /* MyTableHeaderView.swift in Sources */ = {isa = PBXBuildFile; fileRef = 14AFCEF91EB333ED00B75272 /* MyTableHeaderView.swift */; };
		14AFCF371EB333ED00B75272 /* QuartzCanvasView.swift in Sources */ = {isa = PBXBuildFile; fileRef = 14AFCEFA1EB333ED00B75272 /* QuartzCanvasView.swift */; };
		14AFCF381EB333ED00B75272 /* UserInfoButtons.swift in Sources */ = {isa = PBXBuildFile; fileRef = 14AFCEFB1EB333ED00B75272 /* UserInfoButtons.swift */; };
		14AFCF391EB333ED00B75272 /* UserInfoView.swift in Sources */ = {isa = PBXBuildFile; fileRef = 14AFCEFC1EB333ED00B75272 /* UserInfoView.swift */; };
		14AFCF3A1EB333ED00B75272 /* ActivityTableViewController.swift in Sources */ = {isa = PBXBuildFile; fileRef = 14AFCEFF1EB333ED00B75272 /* ActivityTableViewController.swift */; };
		14AFCF3B1EB333ED00B75272 /* BlogTableViewController.swift in Sources */ = {isa = PBXBuildFile; fileRef = 14AFCF001EB333ED00B75272 /* BlogTableViewController.swift */; };
		14AFCF3C1EB333ED00B75272 /* InformationTableViewController.swift in Sources */ = {isa = PBXBuildFile; fileRef = 14AFCF011EB333ED00B75272 /* InformationTableViewController.swift */; };
		14AFCF3E1EB333ED00B75272 /* InformationTableViewDataSource.swift in Sources */ = {isa = PBXBuildFile; fileRef = 14AFCF031EB333ED00B75272 /* InformationTableViewDataSource.swift */; };
		14AFCF3F1EB333ED00B75272 /* QuestionsTableViewController.swift in Sources */ = {isa = PBXBuildFile; fileRef = 14AFCF041EB333ED00B75272 /* QuestionsTableViewController.swift */; };
		14AFCF401EB333ED00B75272 /* InformationTableViewCellModel.swift in Sources */ = {isa = PBXBuildFile; fileRef = 14AFCF061EB333ED00B75272 /* InformationTableViewCellModel.swift */; };
		14AFCF411EB333ED00B75272 /* InformationTableViewCell.swift in Sources */ = {isa = PBXBuildFile; fileRef = 14AFCF091EB333ED00B75272 /* InformationTableViewCell.swift */; };
		14AFCF421EB333ED00B75272 /* ComposeViewController.swift in Sources */ = {isa = PBXBuildFile; fileRef = 14AFCF0C1EB333ED00B75272 /* ComposeViewController.swift */; };
		14AFCF431EB333ED00B75272 /* NavigationController.swift in Sources */ = {isa = PBXBuildFile; fileRef = 14AFCF0D1EB333ED00B75272 /* NavigationController.swift */; };
		14AFCF441EB333ED00B75272 /* RootViewController.swift in Sources */ = {isa = PBXBuildFile; fileRef = 14AFCF0E1EB333ED00B75272 /* RootViewController.swift */; };
		14AFCF451EB333ED00B75272 /* OSCInformation.swift in Sources */ = {isa = PBXBuildFile; fileRef = 14AFCF101EB333ED00B75272 /* OSCInformation.swift */; };
		14AFCF461EB333ED00B75272 /* OSCUser.swift in Sources */ = {isa = PBXBuildFile; fileRef = 14AFCF111EB333ED00B75272 /* OSCUser.swift */; };
		14AFCF471EB333ED00B75272 /* TweetModel.swift in Sources */ = {isa = PBXBuildFile; fileRef = 14AFCF121EB333ED00B75272 /* TweetModel.swift */; };
		14AFCF481EB333ED00B75272 /* BannerScrollView.swift in Sources */ = {isa = PBXBuildFile; fileRef = 14AFCF151EB333ED00B75272 /* BannerScrollView.swift */; };
		14AFCF491EB333ED00B75272 /* NavButtons.swift in Sources */ = {isa = PBXBuildFile; fileRef = 14AFCF161EB333ED00B75272 /* NavButtons.swift */; };
		14AFCF4A1EB333ED00B75272 /* OSCBanner.swift in Sources */ = {isa = PBXBuildFile; fileRef = 14AFCF171EB333ED00B75272 /* OSCBanner.swift */; };
		14AFCF4B1EB333ED00B75272 /* PlaceholderTextView.swift in Sources */ = {isa = PBXBuildFile; fileRef = 14AFCF181EB333ED00B75272 /* PlaceholderTextView.swift */; };
		14AFCF4C1EB333ED00B75272 /* HandyJSONExtension.swift in Sources */ = {isa = PBXBuildFile; fileRef = 14AFCF1B1EB333ED00B75272 /* HandyJSONExtension.swift */; };
		14AFCF4D1EB333ED00B75272 /* String+sha1.swift in Sources */ = {isa = PBXBuildFile; fileRef = 14AFCF1C1EB333ED00B75272 /* String+sha1.swift */; };
		14AFCF4E1EB333ED00B75272 /* UIColor+RGB.swift in Sources */ = {isa = PBXBuildFile; fileRef = 14AFCF1D1EB333ED00B75272 /* UIColor+RGB.swift */; };
		14AFCF4F1EB333ED00B75272 /* Utils.swift in Sources */ = {isa = PBXBuildFile; fileRef = 14AFCF1E1EB333ED00B75272 /* Utils.swift */; };
		14AFCF501EB333ED00B75272 /* LoginViewController.swift in Sources */ = {isa = PBXBuildFile; fileRef = 14AFCF211EB333ED00B75272 /* LoginViewController.swift */; };
		14AFCF511EB333ED00B75272 /* LoginViewController.xib in Resources */ = {isa = PBXBuildFile; fileRef = 14AFCF221EB333ED00B75272 /* LoginViewController.xib */; };
		14AFCF521EB333ED00B75272 /* GDataXMLNode.m in Sources */ = {isa = PBXBuildFile; fileRef = 14AFCF291EB333ED00B75272 /* GDataXMLNode.m */; settings = {COMPILER_FLAGS = "-fno-objc-arc"; }; };
		14AFCF531EB333ED00B75272 /* ParsingXML.m in Sources */ = {isa = PBXBuildFile; fileRef = 14AFCF2B1EB333ED00B75272 /* ParsingXML.m */; };
		14AFCF551EB3350C00B75272 /* InformationTableViewControllerModel.swift in Sources */ = {isa = PBXBuildFile; fileRef = 14AFCF541EB3350C00B75272 /* InformationTableViewControllerModel.swift */; };
		14AFCF571EB33AD400B75272 /* NetWorkConstant.swift in Sources */ = {isa = PBXBuildFile; fileRef = 14AFCF561EB33AD400B75272 /* NetWorkConstant.swift */; };
		14BED5841EBAC2B40035B614 /* KYZGAPI.swift in Sources */ = {isa = PBXBuildFile; fileRef = 14BED5831EBAC2B40035B614 /* KYZGAPI.swift */; };
		14BED5861EBB05DC0035B614 /* KYZGRequest.swift in Sources */ = {isa = PBXBuildFile; fileRef = 14BED5851EBB05DC0035B614 /* KYZGRequest.swift */; };
		14BED5881EBB107A0035B614 /* NewsModel.swift in Sources */ = {isa = PBXBuildFile; fileRef = 14BED5871EBB107A0035B614 /* NewsModel.swift */; };
		14D0B4331EC0652100FC627F /* PermissiveGestureRecognizerDelegate.swift in Sources */ = {isa = PBXBuildFile; fileRef = 14D0B4271EC0652100FC627F /* PermissiveGestureRecognizerDelegate.swift */; };
		14D0B4341EC0652100FC627F /* SharedTypes.swift in Sources */ = {isa = PBXBuildFile; fileRef = 14D0B4281EC0652100FC627F /* SharedTypes.swift */; };
		14D0B4351EC0652100FC627F /* TransformGestureRecognizers.swift in Sources */ = {isa = PBXBuildFile; fileRef = 14D0B4291EC0652100FC627F /* TransformGestureRecognizers.swift */; };
		14D0B4361EC0652100FC627F /* UIGestureRecognizer+RxGesture.swift in Sources */ = {isa = PBXBuildFile; fileRef = 14D0B42A1EC0652100FC627F /* UIGestureRecognizer+RxGesture.swift */; };
		14D0B4371EC0652100FC627F /* UILongPressGestureRecognizer+RxGesture.swift in Sources */ = {isa = PBXBuildFile; fileRef = 14D0B42B1EC0652100FC627F /* UILongPressGestureRecognizer+RxGesture.swift */; };
		14D0B4381EC0652100FC627F /* UIPanGestureRecognizer+RxGesture.swift in Sources */ = {isa = PBXBuildFile; fileRef = 14D0B42C1EC0652100FC627F /* UIPanGestureRecognizer+RxGesture.swift */; };
		14D0B4391EC0652100FC627F /* UIPinchGestureRecognizer+RxGesture.swift in Sources */ = {isa = PBXBuildFile; fileRef = 14D0B42D1EC0652100FC627F /* UIPinchGestureRecognizer+RxGesture.swift */; };
		14D0B43A1EC0652100FC627F /* UIRotationGestureRecognizer+RxGesture.swift in Sources */ = {isa = PBXBuildFile; fileRef = 14D0B42E1EC0652100FC627F /* UIRotationGestureRecognizer+RxGesture.swift */; };
		14D0B43B1EC0652100FC627F /* UIScreenEdgePanGestureRecognizer+RxGesture.swift in Sources */ = {isa = PBXBuildFile; fileRef = 14D0B42F1EC0652100FC627F /* UIScreenEdgePanGestureRecognizer+RxGesture.swift */; };
		14D0B43C1EC0652100FC627F /* UISwipeGestureRecognizer+RxGesture.swift in Sources */ = {isa = PBXBuildFile; fileRef = 14D0B4301EC0652100FC627F /* UISwipeGestureRecognizer+RxGesture.swift */; };
		14D0B43D1EC0652100FC627F /* UITapGestureRecognizer+RxGesture.swift in Sources */ = {isa = PBXBuildFile; fileRef = 14D0B4311EC0652100FC627F /* UITapGestureRecognizer+RxGesture.swift */; };
		14D0B43E1EC0652100FC627F /* View+RxGesture.swift in Sources */ = {isa = PBXBuildFile; fileRef = 14D0B4321EC0652100FC627F /* View+RxGesture.swift */; };
		14D0B4401EC0658500FC627F /* GestureFactory.swift in Sources */ = {isa = PBXBuildFile; fileRef = 14D0B43F1EC0658500FC627F /* GestureFactory.swift */; };
		27E8E155786F30F83A0393C6 /* Pods_KYZG_swift.framework in Frameworks */ = {isa = PBXBuildFile; fileRef = 67A56ED37491039A1801A2BA /* Pods_KYZG_swift.framework */; };
		A03A5CBB1FFCB1E132105F24 /* Pods_KYZG_swiftTests.framework in Frameworks */ = {isa = PBXBuildFile; fileRef = E70438CFCAFCA4ED0A93AE85 /* Pods_KYZG_swiftTests.framework */; };
/* End PBXBuildFile section */

/* Begin PBXContainerItemProxy section */
		143EF2A61E5D291500544B8B /* PBXContainerItemProxy */ = {
			isa = PBXContainerItemProxy;
			containerPortal = 143EF2891E5D291500544B8B /* Project object */;
			proxyType = 1;
			remoteGlobalIDString = 143EF2901E5D291500544B8B;
			remoteInfo = KYZG_swift;
		};
		143EF2B11E5D291500544B8B /* PBXContainerItemProxy */ = {
			isa = PBXContainerItemProxy;
			containerPortal = 143EF2891E5D291500544B8B /* Project object */;
			proxyType = 1;
			remoteGlobalIDString = 143EF2901E5D291500544B8B;
			remoteInfo = KYZG_swift;
		};
/* End PBXContainerItemProxy section */

/* Begin PBXFileReference section */
		140C67D71E653E0600B99E46 /* KYZG_swift-Bridging-Header.h */ = {isa = PBXFileReference; lastKnownFileType = sourcecode.c.h; path = "KYZG_swift-Bridging-Header.h"; sourceTree = "<group>"; };
		1418B9701E66A6CF00ED1BCF /* libxml2.2.dylib */ = {isa = PBXFileReference; lastKnownFileType = "compiled.mach-o.dylib"; name = libxml2.2.dylib; path = ../../../../usr/lib/libxml2.2.dylib; sourceTree = "<group>"; };
		1428870C1EC0478A004E94AB /* UIScrollView+Rx_Xf.swift */ = {isa = PBXFileReference; fileEncoding = 4; lastKnownFileType = sourcecode.swift; path = "UIScrollView+Rx_Xf.swift"; sourceTree = "<group>"; };
		143EF2911E5D291500544B8B /* KYZG_swift.app */ = {isa = PBXFileReference; explicitFileType = wrapper.application; includeInIndex = 0; path = KYZG_swift.app; sourceTree = BUILT_PRODUCTS_DIR; };
		143EF2941E5D291500544B8B /* AppDelegate.swift */ = {isa = PBXFileReference; lastKnownFileType = sourcecode.swift; path = AppDelegate.swift; sourceTree = "<group>"; };
		143EF2991E5D291500544B8B /* Base */ = {isa = PBXFileReference; lastKnownFileType = file.storyboard; name = Base; path = Base.lproj/Main.storyboard; sourceTree = "<group>"; };
		143EF29E1E5D291500544B8B /* Base */ = {isa = PBXFileReference; lastKnownFileType = file.storyboard; name = Base; path = Base.lproj/LaunchScreen.storyboard; sourceTree = "<group>"; };
		143EF2A01E5D291500544B8B /* Info.plist */ = {isa = PBXFileReference; lastKnownFileType = text.plist.xml; path = Info.plist; sourceTree = "<group>"; };
		143EF2A51E5D291500544B8B /* KYZG_swiftTests.xctest */ = {isa = PBXFileReference; explicitFileType = wrapper.cfbundle; includeInIndex = 0; path = KYZG_swiftTests.xctest; sourceTree = BUILT_PRODUCTS_DIR; };
		143EF2A91E5D291500544B8B /* KYZG_swiftTests.swift */ = {isa = PBXFileReference; lastKnownFileType = sourcecode.swift; path = KYZG_swiftTests.swift; sourceTree = "<group>"; };
		143EF2AB1E5D291500544B8B /* Info.plist */ = {isa = PBXFileReference; lastKnownFileType = text.plist.xml; path = Info.plist; sourceTree = "<group>"; };
		143EF2B01E5D291500544B8B /* KYZG_swiftUITests.xctest */ = {isa = PBXFileReference; explicitFileType = wrapper.cfbundle; includeInIndex = 0; path = KYZG_swiftUITests.xctest; sourceTree = BUILT_PRODUCTS_DIR; };
		143EF2B41E5D291500544B8B /* KYZG_swiftUITests.swift */ = {isa = PBXFileReference; lastKnownFileType = sourcecode.swift; path = KYZG_swiftUITests.swift; sourceTree = "<group>"; };
		143EF2B61E5D291500544B8B /* Info.plist */ = {isa = PBXFileReference; lastKnownFileType = text.plist.xml; path = Info.plist; sourceTree = "<group>"; };
		143EF2C21E5D2CB000544B8B /* Images.xcassets */ = {isa = PBXFileReference; lastKnownFileType = folder.assetcatalog; path = Images.xcassets; sourceTree = "<group>"; };
		14AFCEDD1EB333ED00B75272 /* TweetsViewController.swift */ = {isa = PBXFileReference; fileEncoding = 4; lastKnownFileType = sourcecode.swift; path = TweetsViewController.swift; sourceTree = "<group>"; };
		14AFCEDE1EB333ED00B75272 /* TweetsViewControllerDataSource.swift */ = {isa = PBXFileReference; fileEncoding = 4; lastKnownFileType = sourcecode.swift; path = TweetsViewControllerDataSource.swift; sourceTree = "<group>"; };
		14AFCEE01EB333ED00B75272 /* TweetsViewControllerModel.swift */ = {isa = PBXFileReference; fileEncoding = 4; lastKnownFileType = sourcecode.swift; path = TweetsViewControllerModel.swift; sourceTree = "<group>"; };
		14AFCEE31EB333ED00B75272 /* TweetTableViewCell.swift */ = {isa = PBXFileReference; fileEncoding = 4; lastKnownFileType = sourcecode.swift; path = TweetTableViewCell.swift; sourceTree = "<group>"; };
		14AFCEE61EB333ED00B75272 /* FoundTableViewController.swift */ = {isa = PBXFileReference; fileEncoding = 4; lastKnownFileType = sourcecode.swift; path = FoundTableViewController.swift; sourceTree = "<group>"; };
		14AFCEEC1EB333ED00B75272 /* SendTweetsViewController.swift */ = {isa = PBXFileReference; fileEncoding = 4; lastKnownFileType = sourcecode.swift; path = SendTweetsViewController.swift; sourceTree = "<group>"; };
		14AFCEF21EB333ED00B75272 /* MyTableViewController.swift */ = {isa = PBXFileReference; fileEncoding = 4; lastKnownFileType = sourcecode.swift; path = MyTableViewController.swift; sourceTree = "<group>"; };
		14AFCEF31EB333ED00B75272 /* MyTableViewDataSource.swift */ = {isa = PBXFileReference; fileEncoding = 4; lastKnownFileType = sourcecode.swift; path = MyTableViewDataSource.swift; sourceTree = "<group>"; };
		14AFCEF41EB333ED00B75272 /* SettingViewController.swift */ = {isa = PBXFileReference; fileEncoding = 4; lastKnownFileType = sourcecode.swift; path = SettingViewController.swift; sourceTree = "<group>"; };
		14AFCEF61EB333ED00B75272 /* UserInfoViewModel.swift */ = {isa = PBXFileReference; fileEncoding = 4; lastKnownFileType = sourcecode.swift; path = UserInfoViewModel.swift; sourceTree = "<group>"; };
		14AFCEF91EB333ED00B75272 /* MyTableHeaderView.swift */ = {isa = PBXFileReference; fileEncoding = 4; lastKnownFileType = sourcecode.swift; path = MyTableHeaderView.swift; sourceTree = "<group>"; };
		14AFCEFA1EB333ED00B75272 /* QuartzCanvasView.swift */ = {isa = PBXFileReference; fileEncoding = 4; lastKnownFileType = sourcecode.swift; path = QuartzCanvasView.swift; sourceTree = "<group>"; };
		14AFCEFB1EB333ED00B75272 /* UserInfoButtons.swift */ = {isa = PBXFileReference; fileEncoding = 4; lastKnownFileType = sourcecode.swift; path = UserInfoButtons.swift; sourceTree = "<group>"; };
		14AFCEFC1EB333ED00B75272 /* UserInfoView.swift */ = {isa = PBXFileReference; fileEncoding = 4; lastKnownFileType = sourcecode.swift; path = UserInfoView.swift; sourceTree = "<group>"; };
		14AFCEFF1EB333ED00B75272 /* ActivityTableViewController.swift */ = {isa = PBXFileReference; fileEncoding = 4; lastKnownFileType = sourcecode.swift; path = ActivityTableViewController.swift; sourceTree = "<group>"; };
		14AFCF001EB333ED00B75272 /* BlogTableViewController.swift */ = {isa = PBXFileReference; fileEncoding = 4; lastKnownFileType = sourcecode.swift; path = BlogTableViewController.swift; sourceTree = "<group>"; };
		14AFCF011EB333ED00B75272 /* InformationTableViewController.swift */ = {isa = PBXFileReference; fileEncoding = 4; lastKnownFileType = sourcecode.swift; path = InformationTableViewController.swift; sourceTree = "<group>"; };
		14AFCF031EB333ED00B75272 /* InformationTableViewDataSource.swift */ = {isa = PBXFileReference; fileEncoding = 4; lastKnownFileType = sourcecode.swift; path = InformationTableViewDataSource.swift; sourceTree = "<group>"; };
		14AFCF041EB333ED00B75272 /* QuestionsTableViewController.swift */ = {isa = PBXFileReference; fileEncoding = 4; lastKnownFileType = sourcecode.swift; path = QuestionsTableViewController.swift; sourceTree = "<group>"; };
		14AFCF061EB333ED00B75272 /* InformationTableViewCellModel.swift */ = {isa = PBXFileReference; fileEncoding = 4; lastKnownFileType = sourcecode.swift; path = InformationTableViewCellModel.swift; sourceTree = "<group>"; };
		14AFCF091EB333ED00B75272 /* InformationTableViewCell.swift */ = {isa = PBXFileReference; fileEncoding = 4; lastKnownFileType = sourcecode.swift; path = InformationTableViewCell.swift; sourceTree = "<group>"; };
		14AFCF0C1EB333ED00B75272 /* ComposeViewController.swift */ = {isa = PBXFileReference; fileEncoding = 4; lastKnownFileType = sourcecode.swift; path = ComposeViewController.swift; sourceTree = "<group>"; };
		14AFCF0D1EB333ED00B75272 /* NavigationController.swift */ = {isa = PBXFileReference; fileEncoding = 4; lastKnownFileType = sourcecode.swift; path = NavigationController.swift; sourceTree = "<group>"; };
		14AFCF0E1EB333ED00B75272 /* RootViewController.swift */ = {isa = PBXFileReference; fileEncoding = 4; lastKnownFileType = sourcecode.swift; path = RootViewController.swift; sourceTree = "<group>"; };
		14AFCF101EB333ED00B75272 /* OSCInformation.swift */ = {isa = PBXFileReference; fileEncoding = 4; lastKnownFileType = sourcecode.swift; path = OSCInformation.swift; sourceTree = "<group>"; };
		14AFCF111EB333ED00B75272 /* OSCUser.swift */ = {isa = PBXFileReference; fileEncoding = 4; lastKnownFileType = sourcecode.swift; path = OSCUser.swift; sourceTree = "<group>"; };
		14AFCF121EB333ED00B75272 /* TweetModel.swift */ = {isa = PBXFileReference; fileEncoding = 4; lastKnownFileType = sourcecode.swift; path = TweetModel.swift; sourceTree = "<group>"; };
		14AFCF151EB333ED00B75272 /* BannerScrollView.swift */ = {isa = PBXFileReference; fileEncoding = 4; lastKnownFileType = sourcecode.swift; path = BannerScrollView.swift; sourceTree = "<group>"; };
		14AFCF161EB333ED00B75272 /* NavButtons.swift */ = {isa = PBXFileReference; fileEncoding = 4; lastKnownFileType = sourcecode.swift; path = NavButtons.swift; sourceTree = "<group>"; };
		14AFCF171EB333ED00B75272 /* OSCBanner.swift */ = {isa = PBXFileReference; fileEncoding = 4; lastKnownFileType = sourcecode.swift; path = OSCBanner.swift; sourceTree = "<group>"; };
		14AFCF181EB333ED00B75272 /* PlaceholderTextView.swift */ = {isa = PBXFileReference; fileEncoding = 4; lastKnownFileType = sourcecode.swift; path = PlaceholderTextView.swift; sourceTree = "<group>"; };
		14AFCF1B1EB333ED00B75272 /* HandyJSONExtension.swift */ = {isa = PBXFileReference; fileEncoding = 4; lastKnownFileType = sourcecode.swift; path = HandyJSONExtension.swift; sourceTree = "<group>"; };
		14AFCF1C1EB333ED00B75272 /* String+sha1.swift */ = {isa = PBXFileReference; fileEncoding = 4; lastKnownFileType = sourcecode.swift; path = "String+sha1.swift"; sourceTree = "<group>"; };
		14AFCF1D1EB333ED00B75272 /* UIColor+RGB.swift */ = {isa = PBXFileReference; fileEncoding = 4; lastKnownFileType = sourcecode.swift; path = "UIColor+RGB.swift"; sourceTree = "<group>"; };
		14AFCF1E1EB333ED00B75272 /* Utils.swift */ = {isa = PBXFileReference; fileEncoding = 4; lastKnownFileType = sourcecode.swift; path = Utils.swift; sourceTree = "<group>"; };
		14AFCF211EB333ED00B75272 /* LoginViewController.swift */ = {isa = PBXFileReference; fileEncoding = 4; lastKnownFileType = sourcecode.swift; path = LoginViewController.swift; sourceTree = "<group>"; };
		14AFCF221EB333ED00B75272 /* LoginViewController.xib */ = {isa = PBXFileReference; fileEncoding = 4; lastKnownFileType = file.xib; path = LoginViewController.xib; sourceTree = "<group>"; };
		14AFCF281EB333ED00B75272 /* GDataXMLNode.h */ = {isa = PBXFileReference; fileEncoding = 4; lastKnownFileType = sourcecode.c.h; path = GDataXMLNode.h; sourceTree = "<group>"; };
		14AFCF291EB333ED00B75272 /* GDataXMLNode.m */ = {isa = PBXFileReference; fileEncoding = 4; lastKnownFileType = sourcecode.c.objc; path = GDataXMLNode.m; sourceTree = "<group>"; };
		14AFCF2A1EB333ED00B75272 /* ParsingXML.h */ = {isa = PBXFileReference; fileEncoding = 4; lastKnownFileType = sourcecode.c.h; path = ParsingXML.h; sourceTree = "<group>"; };
		14AFCF2B1EB333ED00B75272 /* ParsingXML.m */ = {isa = PBXFileReference; fileEncoding = 4; lastKnownFileType = sourcecode.c.objc; path = ParsingXML.m; sourceTree = "<group>"; };
		14AFCF541EB3350C00B75272 /* InformationTableViewControllerModel.swift */ = {isa = PBXFileReference; fileEncoding = 4; lastKnownFileType = sourcecode.swift; path = InformationTableViewControllerModel.swift; sourceTree = "<group>"; };
		14AFCF561EB33AD400B75272 /* NetWorkConstant.swift */ = {isa = PBXFileReference; fileEncoding = 4; lastKnownFileType = sourcecode.swift; path = NetWorkConstant.swift; sourceTree = "<group>"; };
		14BED5831EBAC2B40035B614 /* KYZGAPI.swift */ = {isa = PBXFileReference; fileEncoding = 4; lastKnownFileType = sourcecode.swift; path = KYZGAPI.swift; sourceTree = "<group>"; };
		14BED5851EBB05DC0035B614 /* KYZGRequest.swift */ = {isa = PBXFileReference; fileEncoding = 4; lastKnownFileType = sourcecode.swift; path = KYZGRequest.swift; sourceTree = "<group>"; };
		14BED5871EBB107A0035B614 /* NewsModel.swift */ = {isa = PBXFileReference; fileEncoding = 4; lastKnownFileType = sourcecode.swift; path = NewsModel.swift; sourceTree = "<group>"; };
		14D0B4271EC0652100FC627F /* PermissiveGestureRecognizerDelegate.swift */ = {isa = PBXFileReference; fileEncoding = 4; lastKnownFileType = sourcecode.swift; path = PermissiveGestureRecognizerDelegate.swift; sourceTree = "<group>"; };
		14D0B4281EC0652100FC627F /* SharedTypes.swift */ = {isa = PBXFileReference; fileEncoding = 4; lastKnownFileType = sourcecode.swift; path = SharedTypes.swift; sourceTree = "<group>"; };
		14D0B4291EC0652100FC627F /* TransformGestureRecognizers.swift */ = {isa = PBXFileReference; fileEncoding = 4; lastKnownFileType = sourcecode.swift; path = TransformGestureRecognizers.swift; sourceTree = "<group>"; };
		14D0B42A1EC0652100FC627F /* UIGestureRecognizer+RxGesture.swift */ = {isa = PBXFileReference; fileEncoding = 4; lastKnownFileType = sourcecode.swift; path = "UIGestureRecognizer+RxGesture.swift"; sourceTree = "<group>"; };
		14D0B42B1EC0652100FC627F /* UILongPressGestureRecognizer+RxGesture.swift */ = {isa = PBXFileReference; fileEncoding = 4; lastKnownFileType = sourcecode.swift; path = "UILongPressGestureRecognizer+RxGesture.swift"; sourceTree = "<group>"; };
		14D0B42C1EC0652100FC627F /* UIPanGestureRecognizer+RxGesture.swift */ = {isa = PBXFileReference; fileEncoding = 4; lastKnownFileType = sourcecode.swift; path = "UIPanGestureRecognizer+RxGesture.swift"; sourceTree = "<group>"; };
		14D0B42D1EC0652100FC627F /* UIPinchGestureRecognizer+RxGesture.swift */ = {isa = PBXFileReference; fileEncoding = 4; lastKnownFileType = sourcecode.swift; path = "UIPinchGestureRecognizer+RxGesture.swift"; sourceTree = "<group>"; };
		14D0B42E1EC0652100FC627F /* UIRotationGestureRecognizer+RxGesture.swift */ = {isa = PBXFileReference; fileEncoding = 4; lastKnownFileType = sourcecode.swift; path = "UIRotationGestureRecognizer+RxGesture.swift"; sourceTree = "<group>"; };
		14D0B42F1EC0652100FC627F /* UIScreenEdgePanGestureRecognizer+RxGesture.swift */ = {isa = PBXFileReference; fileEncoding = 4; lastKnownFileType = sourcecode.swift; path = "UIScreenEdgePanGestureRecognizer+RxGesture.swift"; sourceTree = "<group>"; };
		14D0B4301EC0652100FC627F /* UISwipeGestureRecognizer+RxGesture.swift */ = {isa = PBXFileReference; fileEncoding = 4; lastKnownFileType = sourcecode.swift; path = "UISwipeGestureRecognizer+RxGesture.swift"; sourceTree = "<group>"; };
		14D0B4311EC0652100FC627F /* UITapGestureRecognizer+RxGesture.swift */ = {isa = PBXFileReference; fileEncoding = 4; lastKnownFileType = sourcecode.swift; path = "UITapGestureRecognizer+RxGesture.swift"; sourceTree = "<group>"; };
		14D0B4321EC0652100FC627F /* View+RxGesture.swift */ = {isa = PBXFileReference; fileEncoding = 4; lastKnownFileType = sourcecode.swift; path = "View+RxGesture.swift"; sourceTree = "<group>"; };
		14D0B43F1EC0658500FC627F /* GestureFactory.swift */ = {isa = PBXFileReference; fileEncoding = 4; lastKnownFileType = sourcecode.swift; path = GestureFactory.swift; sourceTree = "<group>"; };
		67A56ED37491039A1801A2BA /* Pods_KYZG_swift.framework */ = {isa = PBXFileReference; explicitFileType = wrapper.framework; includeInIndex = 0; path = Pods_KYZG_swift.framework; sourceTree = BUILT_PRODUCTS_DIR; };
		75F77F0C157698059B67EBA4 /* Pods-KYZG_swiftTests.release.xcconfig */ = {isa = PBXFileReference; includeInIndex = 1; lastKnownFileType = text.xcconfig; name = "Pods-KYZG_swiftTests.release.xcconfig"; path = "Pods/Target Support Files/Pods-KYZG_swiftTests/Pods-KYZG_swiftTests.release.xcconfig"; sourceTree = "<group>"; };
		C393F94460C7D4527F90A048 /* Pods-KYZG_swiftTests.debug.xcconfig */ = {isa = PBXFileReference; includeInIndex = 1; lastKnownFileType = text.xcconfig; name = "Pods-KYZG_swiftTests.debug.xcconfig"; path = "Pods/Target Support Files/Pods-KYZG_swiftTests/Pods-KYZG_swiftTests.debug.xcconfig"; sourceTree = "<group>"; };
		C886BD42A09B275918030C6A /* Pods-KYZG_swift.debug.xcconfig */ = {isa = PBXFileReference; includeInIndex = 1; lastKnownFileType = text.xcconfig; name = "Pods-KYZG_swift.debug.xcconfig"; path = "Pods/Target Support Files/Pods-KYZG_swift/Pods-KYZG_swift.debug.xcconfig"; sourceTree = "<group>"; };
		E70438CFCAFCA4ED0A93AE85 /* Pods_KYZG_swiftTests.framework */ = {isa = PBXFileReference; explicitFileType = wrapper.framework; includeInIndex = 0; path = Pods_KYZG_swiftTests.framework; sourceTree = BUILT_PRODUCTS_DIR; };
		EF402EA77D3872FCC3E4B94C /* Pods-KYZG_swift.release.xcconfig */ = {isa = PBXFileReference; includeInIndex = 1; lastKnownFileType = text.xcconfig; name = "Pods-KYZG_swift.release.xcconfig"; path = "Pods/Target Support Files/Pods-KYZG_swift/Pods-KYZG_swift.release.xcconfig"; sourceTree = "<group>"; };
/* End PBXFileReference section */

/* Begin PBXFrameworksBuildPhase section */
		143EF28E1E5D291500544B8B /* Frameworks */ = {
			isa = PBXFrameworksBuildPhase;
			buildActionMask = 2147483647;
			files = (
				1418B9711E66A6CF00ED1BCF /* libxml2.2.dylib in Frameworks */,
				27E8E155786F30F83A0393C6 /* Pods_KYZG_swift.framework in Frameworks */,
			);
			runOnlyForDeploymentPostprocessing = 0;
		};
		143EF2A21E5D291500544B8B /* Frameworks */ = {
			isa = PBXFrameworksBuildPhase;
			buildActionMask = 2147483647;
			files = (
				A03A5CBB1FFCB1E132105F24 /* Pods_KYZG_swiftTests.framework in Frameworks */,
			);
			runOnlyForDeploymentPostprocessing = 0;
		};
		143EF2AD1E5D291500544B8B /* Frameworks */ = {
			isa = PBXFrameworksBuildPhase;
			buildActionMask = 2147483647;
			files = (
			);
			runOnlyForDeploymentPostprocessing = 0;
		};
/* End PBXFrameworksBuildPhase section */

/* Begin PBXGroup section */
		1428870B1EC04726004E94AB /* RxCocoaExtension */ = {
			isa = PBXGroup;
			children = (
				14D0B4261EC0652100FC627F /* RxGesture */,
				1428870C1EC0478A004E94AB /* UIScrollView+Rx_Xf.swift */,
			);
			path = RxCocoaExtension;
			sourceTree = "<group>";
		};
		143EF2881E5D291500544B8B = {
			isa = PBXGroup;
			children = (
				1428870B1EC04726004E94AB /* RxCocoaExtension */,
				143EF2931E5D291500544B8B /* KYZG_swift */,
				143EF2A81E5D291500544B8B /* KYZG_swiftTests */,
				143EF2B31E5D291500544B8B /* KYZG_swiftUITests */,
				143EF2921E5D291500544B8B /* Products */,
				39D9BE34DE36422303A166B0 /* Pods */,
				1F9EEBE42D2CDD1395858D06 /* Frameworks */,
			);
			sourceTree = "<group>";
		};
		143EF2921E5D291500544B8B /* Products */ = {
			isa = PBXGroup;
			children = (
				143EF2911E5D291500544B8B /* KYZG_swift.app */,
				143EF2A51E5D291500544B8B /* KYZG_swiftTests.xctest */,
				143EF2B01E5D291500544B8B /* KYZG_swiftUITests.xctest */,
			);
			name = Products;
			sourceTree = "<group>";
		};
		143EF2931E5D291500544B8B /* KYZG_swift */ = {
			isa = PBXGroup;
			children = (
				14BED5821EBAC2970035B614 /* share */,
				14AFCEDB1EB333ED00B75272 /* 动弹 */,
				14AFCEE41EB333ED00B75272 /* 发现 */,
				14AFCEEA1EB333ED00B75272 /* 添加动弹 */,
				14AFCEF01EB333ED00B75272 /* 我的 */,
				14AFCEFD1EB333ED00B75272 /* 综合 */,
				14AFCF0A1EB333ED00B75272 /* Base */,
				14AFCF191EB333ED00B75272 /* Constant */,
				14AFCF1A1EB333ED00B75272 /* Extension */,
				14AFCF1F1EB333ED00B75272 /* Login */,
				14AFCF261EB333ED00B75272 /* Tools */,
				143EF2941E5D291500544B8B /* AppDelegate.swift */,
				143EF2981E5D291500544B8B /* Main.storyboard */,
				143EF29D1E5D291500544B8B /* LaunchScreen.storyboard */,
				143EF2C21E5D2CB000544B8B /* Images.xcassets */,
				143EF2A01E5D291500544B8B /* Info.plist */,
				140C67D71E653E0600B99E46 /* KYZG_swift-Bridging-Header.h */,
			);
			path = KYZG_swift;
			sourceTree = "<group>";
		};
		143EF2A81E5D291500544B8B /* KYZG_swiftTests */ = {
			isa = PBXGroup;
			children = (
				143EF2A91E5D291500544B8B /* KYZG_swiftTests.swift */,
				143EF2AB1E5D291500544B8B /* Info.plist */,
			);
			path = KYZG_swiftTests;
			sourceTree = "<group>";
		};
		143EF2B31E5D291500544B8B /* KYZG_swiftUITests */ = {
			isa = PBXGroup;
			children = (
				143EF2B41E5D291500544B8B /* KYZG_swiftUITests.swift */,
				143EF2B61E5D291500544B8B /* Info.plist */,
			);
			path = KYZG_swiftUITests;
			sourceTree = "<group>";
		};
		14AFCEDB1EB333ED00B75272 /* 动弹 */ = {
			isa = PBXGroup;
			children = (
				14AFCEDC1EB333ED00B75272 /* Conroller */,
				14AFCEDF1EB333ED00B75272 /* Model */,
				14AFCEE11EB333ED00B75272 /* Other */,
				14AFCEE21EB333ED00B75272 /* View */,
			);
			path = "动弹";
			sourceTree = "<group>";
		};
		14AFCEDC1EB333ED00B75272 /* Conroller */ = {
			isa = PBXGroup;
			children = (
				14AFCEDD1EB333ED00B75272 /* TweetsViewController.swift */,
				14AFCEDE1EB333ED00B75272 /* TweetsViewControllerDataSource.swift */,
			);
			path = Conroller;
			sourceTree = "<group>";
		};
		14AFCEDF1EB333ED00B75272 /* Model */ = {
			isa = PBXGroup;
			children = (
				14AFCEE01EB333ED00B75272 /* TweetsViewControllerModel.swift */,
			);
			path = Model;
			sourceTree = "<group>";
		};
		14AFCEE11EB333ED00B75272 /* Other */ = {
			isa = PBXGroup;
			children = (
			);
			path = Other;
			sourceTree = "<group>";
		};
		14AFCEE21EB333ED00B75272 /* View */ = {
			isa = PBXGroup;
			children = (
				14AFCEE31EB333ED00B75272 /* TweetTableViewCell.swift */,
			);
			path = View;
			sourceTree = "<group>";
		};
		14AFCEE41EB333ED00B75272 /* 发现 */ = {
			isa = PBXGroup;
			children = (
				14AFCEE51EB333ED00B75272 /* Conroller */,
				14AFCEE71EB333ED00B75272 /* Model */,
				14AFCEE81EB333ED00B75272 /* Other */,
				14AFCEE91EB333ED00B75272 /* View */,
			);
			path = "发现";
			sourceTree = "<group>";
		};
		14AFCEE51EB333ED00B75272 /* Conroller */ = {
			isa = PBXGroup;
			children = (
				14AFCEE61EB333ED00B75272 /* FoundTableViewController.swift */,
			);
			path = Conroller;
			sourceTree = "<group>";
		};
		14AFCEE71EB333ED00B75272 /* Model */ = {
			isa = PBXGroup;
			children = (
			);
			path = Model;
			sourceTree = "<group>";
		};
		14AFCEE81EB333ED00B75272 /* Other */ = {
			isa = PBXGroup;
			children = (
			);
			path = Other;
			sourceTree = "<group>";
		};
		14AFCEE91EB333ED00B75272 /* View */ = {
			isa = PBXGroup;
			children = (
			);
			path = View;
			sourceTree = "<group>";
		};
		14AFCEEA1EB333ED00B75272 /* 添加动弹 */ = {
			isa = PBXGroup;
			children = (
				14AFCEEB1EB333ED00B75272 /* Conroller */,
				14AFCEED1EB333ED00B75272 /* Model */,
				14AFCEEE1EB333ED00B75272 /* Other */,
				14AFCEEF1EB333ED00B75272 /* View */,
			);
			path = "添加动弹";
			sourceTree = "<group>";
		};
		14AFCEEB1EB333ED00B75272 /* Conroller */ = {
			isa = PBXGroup;
			children = (
				14AFCEEC1EB333ED00B75272 /* SendTweetsViewController.swift */,
			);
			path = Conroller;
			sourceTree = "<group>";
		};
		14AFCEED1EB333ED00B75272 /* Model */ = {
			isa = PBXGroup;
			children = (
			);
			path = Model;
			sourceTree = "<group>";
		};
		14AFCEEE1EB333ED00B75272 /* Other */ = {
			isa = PBXGroup;
			children = (
			);
			path = Other;
			sourceTree = "<group>";
		};
		14AFCEEF1EB333ED00B75272 /* View */ = {
			isa = PBXGroup;
			children = (
			);
			path = View;
			sourceTree = "<group>";
		};
		14AFCEF01EB333ED00B75272 /* 我的 */ = {
			isa = PBXGroup;
			children = (
				14AFCEF11EB333ED00B75272 /* Conroller */,
				14AFCEF51EB333ED00B75272 /* Model */,
				14AFCEF71EB333ED00B75272 /* Other */,
				14AFCEF81EB333ED00B75272 /* View */,
			);
			path = "我的";
			sourceTree = "<group>";
		};
		14AFCEF11EB333ED00B75272 /* Conroller */ = {
			isa = PBXGroup;
			children = (
				14AFCEF21EB333ED00B75272 /* MyTableViewController.swift */,
				14AFCEF31EB333ED00B75272 /* MyTableViewDataSource.swift */,
				14AFCEF41EB333ED00B75272 /* SettingViewController.swift */,
			);
			path = Conroller;
			sourceTree = "<group>";
		};
		14AFCEF51EB333ED00B75272 /* Model */ = {
			isa = PBXGroup;
			children = (
				14AFCEF61EB333ED00B75272 /* UserInfoViewModel.swift */,
			);
			path = Model;
			sourceTree = "<group>";
		};
		14AFCEF71EB333ED00B75272 /* Other */ = {
			isa = PBXGroup;
			children = (
			);
			path = Other;
			sourceTree = "<group>";
		};
		14AFCEF81EB333ED00B75272 /* View */ = {
			isa = PBXGroup;
			children = (
				14AFCEF91EB333ED00B75272 /* MyTableHeaderView.swift */,
				14AFCEFA1EB333ED00B75272 /* QuartzCanvasView.swift */,
				14AFCEFB1EB333ED00B75272 /* UserInfoButtons.swift */,
				14AFCEFC1EB333ED00B75272 /* UserInfoView.swift */,
			);
			path = View;
			sourceTree = "<group>";
		};
		14AFCEFD1EB333ED00B75272 /* 综合 */ = {
			isa = PBXGroup;
			children = (
				14AFCEFE1EB333ED00B75272 /* Conroller */,
				14AFCF051EB333ED00B75272 /* Model */,
				14AFCF071EB333ED00B75272 /* Other */,
				14AFCF081EB333ED00B75272 /* View */,
			);
			path = "综合";
			sourceTree = "<group>";
		};
		14AFCEFE1EB333ED00B75272 /* Conroller */ = {
			isa = PBXGroup;
			children = (
				14AFCEFF1EB333ED00B75272 /* ActivityTableViewController.swift */,
				14AFCF001EB333ED00B75272 /* BlogTableViewController.swift */,
				14AFCF011EB333ED00B75272 /* InformationTableViewController.swift */,
				14AFCF031EB333ED00B75272 /* InformationTableViewDataSource.swift */,
				14AFCF041EB333ED00B75272 /* QuestionsTableViewController.swift */,
			);
			path = Conroller;
			sourceTree = "<group>";
		};
		14AFCF051EB333ED00B75272 /* Model */ = {
			isa = PBXGroup;
			children = (
				14AFCF061EB333ED00B75272 /* InformationTableViewCellModel.swift */,
				14AFCF541EB3350C00B75272 /* InformationTableViewControllerModel.swift */,
			);
			path = Model;
			sourceTree = "<group>";
		};
		14AFCF071EB333ED00B75272 /* Other */ = {
			isa = PBXGroup;
			children = (
			);
			path = Other;
			sourceTree = "<group>";
		};
		14AFCF081EB333ED00B75272 /* View */ = {
			isa = PBXGroup;
			children = (
				14AFCF091EB333ED00B75272 /* InformationTableViewCell.swift */,
			);
			path = View;
			sourceTree = "<group>";
		};
		14AFCF0A1EB333ED00B75272 /* Base */ = {
			isa = PBXGroup;
			children = (
				14AFCF0B1EB333ED00B75272 /* Conroller */,
				14AFCF0F1EB333ED00B75272 /* Model */,
				14AFCF131EB333ED00B75272 /* Other */,
				14AFCF141EB333ED00B75272 /* View */,
			);
			path = Base;
			sourceTree = "<group>";
		};
		14AFCF0B1EB333ED00B75272 /* Conroller */ = {
			isa = PBXGroup;
			children = (
				14AFCF0C1EB333ED00B75272 /* ComposeViewController.swift */,
				14AFCF0D1EB333ED00B75272 /* NavigationController.swift */,
				14AFCF0E1EB333ED00B75272 /* RootViewController.swift */,
			);
			path = Conroller;
			sourceTree = "<group>";
		};
		14AFCF0F1EB333ED00B75272 /* Model */ = {
			isa = PBXGroup;
			children = (
				14AFCF101EB333ED00B75272 /* OSCInformation.swift */,
				14BED5871EBB107A0035B614 /* NewsModel.swift */,
				14AFCF111EB333ED00B75272 /* OSCUser.swift */,
				14AFCF121EB333ED00B75272 /* TweetModel.swift */,
			);
			path = Model;
			sourceTree = "<group>";
		};
		14AFCF131EB333ED00B75272 /* Other */ = {
			isa = PBXGroup;
			children = (
			);
			path = Other;
			sourceTree = "<group>";
		};
		14AFCF141EB333ED00B75272 /* View */ = {
			isa = PBXGroup;
			children = (
				14AFCF151EB333ED00B75272 /* BannerScrollView.swift */,
				14AFCF161EB333ED00B75272 /* NavButtons.swift */,
				14AFCF171EB333ED00B75272 /* OSCBanner.swift */,
				14AFCF181EB333ED00B75272 /* PlaceholderTextView.swift */,
			);
			path = View;
			sourceTree = "<group>";
		};
		14AFCF191EB333ED00B75272 /* Constant */ = {
			isa = PBXGroup;
			children = (
				14AFCF561EB33AD400B75272 /* NetWorkConstant.swift */,
			);
			path = Constant;
			sourceTree = "<group>";
		};
		14AFCF1A1EB333ED00B75272 /* Extension */ = {
			isa = PBXGroup;
			children = (
				14AFCF1B1EB333ED00B75272 /* HandyJSONExtension.swift */,
				14AFCF1C1EB333ED00B75272 /* String+sha1.swift */,
				14AFCF1D1EB333ED00B75272 /* UIColor+RGB.swift */,
				14AFCF1E1EB333ED00B75272 /* Utils.swift */,
			);
			path = Extension;
			sourceTree = "<group>";
		};
		14AFCF1F1EB333ED00B75272 /* Login */ = {
			isa = PBXGroup;
			children = (
				14AFCF201EB333ED00B75272 /* Conroller */,
				14AFCF231EB333ED00B75272 /* Model */,
				14AFCF241EB333ED00B75272 /* Other */,
				14AFCF251EB333ED00B75272 /* View */,
			);
			path = Login;
			sourceTree = "<group>";
		};
		14AFCF201EB333ED00B75272 /* Conroller */ = {
			isa = PBXGroup;
			children = (
				14AFCF211EB333ED00B75272 /* LoginViewController.swift */,
				14AFCF221EB333ED00B75272 /* LoginViewController.xib */,
			);
			path = Conroller;
			sourceTree = "<group>";
		};
		14AFCF231EB333ED00B75272 /* Model */ = {
			isa = PBXGroup;
			children = (
			);
			path = Model;
			sourceTree = "<group>";
		};
		14AFCF241EB333ED00B75272 /* Other */ = {
			isa = PBXGroup;
			children = (
			);
			path = Other;
			sourceTree = "<group>";
		};
		14AFCF251EB333ED00B75272 /* View */ = {
			isa = PBXGroup;
			children = (
			);
			path = View;
			sourceTree = "<group>";
		};
		14AFCF261EB333ED00B75272 /* Tools */ = {
			isa = PBXGroup;
			children = (
				14AFCF271EB333ED00B75272 /* ParsingXML */,
			);
			path = Tools;
			sourceTree = "<group>";
		};
		14AFCF271EB333ED00B75272 /* ParsingXML */ = {
			isa = PBXGroup;
			children = (
				14AFCF281EB333ED00B75272 /* GDataXMLNode.h */,
				14AFCF291EB333ED00B75272 /* GDataXMLNode.m */,
				14AFCF2A1EB333ED00B75272 /* ParsingXML.h */,
				14AFCF2B1EB333ED00B75272 /* ParsingXML.m */,
			);
			path = ParsingXML;
			sourceTree = "<group>";
		};
		14BED5821EBAC2970035B614 /* share */ = {
			isa = PBXGroup;
			children = (
				14BED5831EBAC2B40035B614 /* KYZGAPI.swift */,
				14BED5851EBB05DC0035B614 /* KYZGRequest.swift */,
			);
			path = share;
			sourceTree = "<group>";
		};
		14D0B4261EC0652100FC627F /* RxGesture */ = {
			isa = PBXGroup;
			children = (
				14D0B43F1EC0658500FC627F /* GestureFactory.swift */,
				14D0B4271EC0652100FC627F /* PermissiveGestureRecognizerDelegate.swift */,
				14D0B4281EC0652100FC627F /* SharedTypes.swift */,
				14D0B4291EC0652100FC627F /* TransformGestureRecognizers.swift */,
				14D0B42A1EC0652100FC627F /* UIGestureRecognizer+RxGesture.swift */,
				14D0B42B1EC0652100FC627F /* UILongPressGestureRecognizer+RxGesture.swift */,
				14D0B42C1EC0652100FC627F /* UIPanGestureRecognizer+RxGesture.swift */,
				14D0B42D1EC0652100FC627F /* UIPinchGestureRecognizer+RxGesture.swift */,
				14D0B42E1EC0652100FC627F /* UIRotationGestureRecognizer+RxGesture.swift */,
				14D0B42F1EC0652100FC627F /* UIScreenEdgePanGestureRecognizer+RxGesture.swift */,
				14D0B4301EC0652100FC627F /* UISwipeGestureRecognizer+RxGesture.swift */,
				14D0B4311EC0652100FC627F /* UITapGestureRecognizer+RxGesture.swift */,
				14D0B4321EC0652100FC627F /* View+RxGesture.swift */,
			);
			path = RxGesture;
			sourceTree = "<group>";
		};
		1F9EEBE42D2CDD1395858D06 /* Frameworks */ = {
			isa = PBXGroup;
			children = (
				1418B9701E66A6CF00ED1BCF /* libxml2.2.dylib */,
				67A56ED37491039A1801A2BA /* Pods_KYZG_swift.framework */,
				E70438CFCAFCA4ED0A93AE85 /* Pods_KYZG_swiftTests.framework */,
			);
			name = Frameworks;
			sourceTree = "<group>";
		};
		39D9BE34DE36422303A166B0 /* Pods */ = {
			isa = PBXGroup;
			children = (
				C886BD42A09B275918030C6A /* Pods-KYZG_swift.debug.xcconfig */,
				EF402EA77D3872FCC3E4B94C /* Pods-KYZG_swift.release.xcconfig */,
				C393F94460C7D4527F90A048 /* Pods-KYZG_swiftTests.debug.xcconfig */,
				75F77F0C157698059B67EBA4 /* Pods-KYZG_swiftTests.release.xcconfig */,
			);
			name = Pods;
			sourceTree = "<group>";
		};
/* End PBXGroup section */

/* Begin PBXNativeTarget section */
		143EF2901E5D291500544B8B /* KYZG_swift */ = {
			isa = PBXNativeTarget;
			buildConfigurationList = 143EF2B91E5D291500544B8B /* Build configuration list for PBXNativeTarget "KYZG_swift" */;
			buildPhases = (
				18C612DEEEAE67BAF39F1102 /* [CP] Check Pods Manifest.lock */,
				143EF28D1E5D291500544B8B /* Sources */,
				143EF28E1E5D291500544B8B /* Frameworks */,
				143EF28F1E5D291500544B8B /* Resources */,
				F07B2E25AEC18A67CAE13532 /* [CP] Embed Pods Frameworks */,
				B6F7E6CD25BA777E83383A2C /* [CP] Copy Pods Resources */,
			);
			buildRules = (
			);
			dependencies = (
			);
			name = KYZG_swift;
			productName = KYZG_swift;
			productReference = 143EF2911E5D291500544B8B /* KYZG_swift.app */;
			productType = "com.apple.product-type.application";
		};
		143EF2A41E5D291500544B8B /* KYZG_swiftTests */ = {
			isa = PBXNativeTarget;
			buildConfigurationList = 143EF2BC1E5D291500544B8B /* Build configuration list for PBXNativeTarget "KYZG_swiftTests" */;
			buildPhases = (
				9C88B165B33B050A6699B3B3 /* [CP] Check Pods Manifest.lock */,
				143EF2A11E5D291500544B8B /* Sources */,
				143EF2A21E5D291500544B8B /* Frameworks */,
				143EF2A31E5D291500544B8B /* Resources */,
				B51DE344F854D471F9446891 /* [CP] Embed Pods Frameworks */,
				F22B552C5A3D919CF15DF1A4 /* [CP] Copy Pods Resources */,
			);
			buildRules = (
			);
			dependencies = (
				143EF2A71E5D291500544B8B /* PBXTargetDependency */,
			);
			name = KYZG_swiftTests;
			productName = KYZG_swiftTests;
			productReference = 143EF2A51E5D291500544B8B /* KYZG_swiftTests.xctest */;
			productType = "com.apple.product-type.bundle.unit-test";
		};
		143EF2AF1E5D291500544B8B /* KYZG_swiftUITests */ = {
			isa = PBXNativeTarget;
			buildConfigurationList = 143EF2BF1E5D291500544B8B /* Build configuration list for PBXNativeTarget "KYZG_swiftUITests" */;
			buildPhases = (
				143EF2AC1E5D291500544B8B /* Sources */,
				143EF2AD1E5D291500544B8B /* Frameworks */,
				143EF2AE1E5D291500544B8B /* Resources */,
			);
			buildRules = (
			);
			dependencies = (
				143EF2B21E5D291500544B8B /* PBXTargetDependency */,
			);
			name = KYZG_swiftUITests;
			productName = KYZG_swiftUITests;
			productReference = 143EF2B01E5D291500544B8B /* KYZG_swiftUITests.xctest */;
			productType = "com.apple.product-type.bundle.ui-testing";
		};
/* End PBXNativeTarget section */

/* Begin PBXProject section */
		143EF2891E5D291500544B8B /* Project object */ = {
			isa = PBXProject;
			attributes = {
				LastSwiftUpdateCheck = 0820;
				LastUpgradeCheck = 0820;
				ORGANIZATIONNAME = LiTengFang;
				TargetAttributes = {
					143EF2901E5D291500544B8B = {
						CreatedOnToolsVersion = 8.2.1;
						DevelopmentTeam = F8ML633GQS;
						LastSwiftMigration = 0820;
						ProvisioningStyle = Automatic;
					};
					143EF2A41E5D291500544B8B = {
						CreatedOnToolsVersion = 8.2.1;
						ProvisioningStyle = Automatic;
						TestTargetID = 143EF2901E5D291500544B8B;
					};
					143EF2AF1E5D291500544B8B = {
						CreatedOnToolsVersion = 8.2.1;
						ProvisioningStyle = Automatic;
						TestTargetID = 143EF2901E5D291500544B8B;
					};
				};
			};
			buildConfigurationList = 143EF28C1E5D291500544B8B /* Build configuration list for PBXProject "KYZG_swift" */;
			compatibilityVersion = "Xcode 3.2";
			developmentRegion = English;
			hasScannedForEncodings = 0;
			knownRegions = (
				en,
				Base,
			);
			mainGroup = 143EF2881E5D291500544B8B;
			productRefGroup = 143EF2921E5D291500544B8B /* Products */;
			projectDirPath = "";
			projectRoot = "";
			targets = (
				143EF2901E5D291500544B8B /* KYZG_swift */,
				143EF2A41E5D291500544B8B /* KYZG_swiftTests */,
				143EF2AF1E5D291500544B8B /* KYZG_swiftUITests */,
			);
		};
/* End PBXProject section */

/* Begin PBXResourcesBuildPhase section */
		143EF28F1E5D291500544B8B /* Resources */ = {
			isa = PBXResourcesBuildPhase;
			buildActionMask = 2147483647;
			files = (
				14AFCF511EB333ED00B75272 /* LoginViewController.xib in Resources */,
				143EF2C31E5D2CB000544B8B /* Images.xcassets in Resources */,
				143EF29F1E5D291500544B8B /* LaunchScreen.storyboard in Resources */,
				143EF29A1E5D291500544B8B /* Main.storyboard in Resources */,
			);
			runOnlyForDeploymentPostprocessing = 0;
		};
		143EF2A31E5D291500544B8B /* Resources */ = {
			isa = PBXResourcesBuildPhase;
			buildActionMask = 2147483647;
			files = (
			);
			runOnlyForDeploymentPostprocessing = 0;
		};
		143EF2AE1E5D291500544B8B /* Resources */ = {
			isa = PBXResourcesBuildPhase;
			buildActionMask = 2147483647;
			files = (
			);
			runOnlyForDeploymentPostprocessing = 0;
		};
/* End PBXResourcesBuildPhase section */

/* Begin PBXShellScriptBuildPhase section */
		18C612DEEEAE67BAF39F1102 /* [CP] Check Pods Manifest.lock */ = {
			isa = PBXShellScriptBuildPhase;
			buildActionMask = 2147483647;
			files = (
			);
			inputPaths = (
			);
			name = "[CP] Check Pods Manifest.lock";
			outputPaths = (
			);
			runOnlyForDeploymentPostprocessing = 0;
			shellPath = /bin/sh;
			shellScript = "diff \"${PODS_ROOT}/../Podfile.lock\" \"${PODS_ROOT}/Manifest.lock\" > /dev/null\nif [ $? != 0 ] ; then\n    # print error to STDERR\n    echo \"error: The sandbox is not in sync with the Podfile.lock. Run 'pod install' or update your CocoaPods installation.\" >&2\n    exit 1\nfi\n";
			showEnvVarsInLog = 0;
		};
		9C88B165B33B050A6699B3B3 /* [CP] Check Pods Manifest.lock */ = {
			isa = PBXShellScriptBuildPhase;
			buildActionMask = 2147483647;
			files = (
			);
			inputPaths = (
			);
			name = "[CP] Check Pods Manifest.lock";
			outputPaths = (
			);
			runOnlyForDeploymentPostprocessing = 0;
			shellPath = /bin/sh;
			shellScript = "diff \"${PODS_ROOT}/../Podfile.lock\" \"${PODS_ROOT}/Manifest.lock\" > /dev/null\nif [ $? != 0 ] ; then\n    # print error to STDERR\n    echo \"error: The sandbox is not in sync with the Podfile.lock. Run 'pod install' or update your CocoaPods installation.\" >&2\n    exit 1\nfi\n";
			showEnvVarsInLog = 0;
		};
		B51DE344F854D471F9446891 /* [CP] Embed Pods Frameworks */ = {
			isa = PBXShellScriptBuildPhase;
			buildActionMask = 2147483647;
			files = (
			);
			inputPaths = (
			);
			name = "[CP] Embed Pods Frameworks";
			outputPaths = (
			);
			runOnlyForDeploymentPostprocessing = 0;
			shellPath = /bin/sh;
			shellScript = "\"${SRCROOT}/Pods/Target Support Files/Pods-KYZG_swiftTests/Pods-KYZG_swiftTests-frameworks.sh\"\n";
			showEnvVarsInLog = 0;
		};
		B6F7E6CD25BA777E83383A2C /* [CP] Copy Pods Resources */ = {
			isa = PBXShellScriptBuildPhase;
			buildActionMask = 2147483647;
			files = (
			);
			inputPaths = (
			);
			name = "[CP] Copy Pods Resources";
			outputPaths = (
			);
			runOnlyForDeploymentPostprocessing = 0;
			shellPath = /bin/sh;
			shellScript = "\"${SRCROOT}/Pods/Target Support Files/Pods-KYZG_swift/Pods-KYZG_swift-resources.sh\"\n";
			showEnvVarsInLog = 0;
		};
		F07B2E25AEC18A67CAE13532 /* [CP] Embed Pods Frameworks */ = {
			isa = PBXShellScriptBuildPhase;
			buildActionMask = 2147483647;
			files = (
			);
			inputPaths = (
			);
			name = "[CP] Embed Pods Frameworks";
			outputPaths = (
			);
			runOnlyForDeploymentPostprocessing = 0;
			shellPath = /bin/sh;
			shellScript = "\"${SRCROOT}/Pods/Target Support Files/Pods-KYZG_swift/Pods-KYZG_swift-frameworks.sh\"\n";
			showEnvVarsInLog = 0;
		};
		F22B552C5A3D919CF15DF1A4 /* [CP] Copy Pods Resources */ = {
			isa = PBXShellScriptBuildPhase;
			buildActionMask = 2147483647;
			files = (
			);
			inputPaths = (
			);
			name = "[CP] Copy Pods Resources";
			outputPaths = (
			);
			runOnlyForDeploymentPostprocessing = 0;
			shellPath = /bin/sh;
			shellScript = "\"${SRCROOT}/Pods/Target Support Files/Pods-KYZG_swiftTests/Pods-KYZG_swiftTests-resources.sh\"\n";
			showEnvVarsInLog = 0;
		};
/* End PBXShellScriptBuildPhase section */

/* Begin PBXSourcesBuildPhase section */
		143EF28D1E5D291500544B8B /* Sources */ = {
			isa = PBXSourcesBuildPhase;
			buildActionMask = 2147483647;
			files = (
				14D0B43A1EC0652100FC627F /* UIRotationGestureRecognizer+RxGesture.swift in Sources */,
				14AFCF3C1EB333ED00B75272 /* InformationTableViewController.swift in Sources */,
				14AFCF3A1EB333ED00B75272 /* ActivityTableViewController.swift in Sources */,
				14AFCF471EB333ED00B75272 /* TweetModel.swift in Sources */,
				14AFCF3B1EB333ED00B75272 /* BlogTableViewController.swift in Sources */,
				14AFCF531EB333ED00B75272 /* ParsingXML.m in Sources */,
				14AFCF501EB333ED00B75272 /* LoginViewController.swift in Sources */,
				14AFCF4D1EB333ED00B75272 /* String+sha1.swift in Sources */,
				14AFCF421EB333ED00B75272 /* ComposeViewController.swift in Sources */,
				14AFCF4A1EB333ED00B75272 /* OSCBanner.swift in Sources */,
				14AFCF441EB333ED00B75272 /* RootViewController.swift in Sources */,
				14BED5841EBAC2B40035B614 /* KYZGAPI.swift in Sources */,
				14AFCF3E1EB333ED00B75272 /* InformationTableViewDataSource.swift in Sources */,
				14AFCF331EB333ED00B75272 /* MyTableViewDataSource.swift in Sources */,
				14D0B4401EC0658500FC627F /* GestureFactory.swift in Sources */,
				14AFCF4B1EB333ED00B75272 /* PlaceholderTextView.swift in Sources */,
				14AFCF2C1EB333ED00B75272 /* TweetsViewController.swift in Sources */,
				14AFCF571EB33AD400B75272 /* NetWorkConstant.swift in Sources */,
				14AFCF431EB333ED00B75272 /* NavigationController.swift in Sources */,
				14D0B4371EC0652100FC627F /* UILongPressGestureRecognizer+RxGesture.swift in Sources */,
				14AFCF4F1EB333ED00B75272 /* Utils.swift in Sources */,
				14AFCF381EB333ED00B75272 /* UserInfoButtons.swift in Sources */,
				14D0B43E1EC0652100FC627F /* View+RxGesture.swift in Sources */,
				14AFCF481EB333ED00B75272 /* BannerScrollView.swift in Sources */,
				14AFCF521EB333ED00B75272 /* GDataXMLNode.m in Sources */,
				14D0B43D1EC0652100FC627F /* UITapGestureRecognizer+RxGesture.swift in Sources */,
				1428870D1EC0478A004E94AB /* UIScrollView+Rx_Xf.swift in Sources */,
				14D0B4351EC0652100FC627F /* TransformGestureRecognizers.swift in Sources */,
				14AFCF3F1EB333ED00B75272 /* QuestionsTableViewController.swift in Sources */,
				14AFCF411EB333ED00B75272 /* InformationTableViewCell.swift in Sources */,
				143EF2951E5D291500544B8B /* AppDelegate.swift in Sources */,
				14AFCF451EB333ED00B75272 /* OSCInformation.swift in Sources */,
				14D0B4381EC0652100FC627F /* UIPanGestureRecognizer+RxGesture.swift in Sources */,
				14AFCF2E1EB333ED00B75272 /* TweetsViewControllerModel.swift in Sources */,
				14AFCF361EB333ED00B75272 /* MyTableHeaderView.swift in Sources */,
				14D0B43B1EC0652100FC627F /* UIScreenEdgePanGestureRecognizer+RxGesture.swift in Sources */,
				14D0B43C1EC0652100FC627F /* UISwipeGestureRecognizer+RxGesture.swift in Sources */,
				14AFCF321EB333ED00B75272 /* MyTableViewController.swift in Sources */,
				14BED5881EBB107A0035B614 /* NewsModel.swift in Sources */,
				14AFCF401EB333ED00B75272 /* InformationTableViewCellModel.swift in Sources */,
				14AFCF351EB333ED00B75272 /* UserInfoViewModel.swift in Sources */,
				14AFCF341EB333ED00B75272 /* SettingViewController.swift in Sources */,
				14D0B4361EC0652100FC627F /* UIGestureRecognizer+RxGesture.swift in Sources */,
				14AFCF4C1EB333ED00B75272 /* HandyJSONExtension.swift in Sources */,
				14AFCF461EB333ED00B75272 /* OSCUser.swift in Sources */,
				14AFCF391EB333ED00B75272 /* UserInfoView.swift in Sources */,
				14AFCF2F1EB333ED00B75272 /* TweetTableViewCell.swift in Sources */,
				14D0B4331EC0652100FC627F /* PermissiveGestureRecognizerDelegate.swift in Sources */,
				14AFCF311EB333ED00B75272 /* SendTweetsViewController.swift in Sources */,
				14AFCF551EB3350C00B75272 /* InformationTableViewControllerModel.swift in Sources */,
				14AFCF301EB333ED00B75272 /* FoundTableViewController.swift in Sources */,
				14BED5861EBB05DC0035B614 /* KYZGRequest.swift in Sources */,
				14D0B4391EC0652100FC627F /* UIPinchGestureRecognizer+RxGesture.swift in Sources */,
				14AFCF4E1EB333ED00B75272 /* UIColor+RGB.swift in Sources */,
				14AFCF371EB333ED00B75272 /* QuartzCanvasView.swift in Sources */,
				14D0B4341EC0652100FC627F /* SharedTypes.swift in Sources */,
				14AFCF2D1EB333ED00B75272 /* TweetsViewControllerDataSource.swift in Sources */,
				14AFCF491EB333ED00B75272 /* NavButtons.swift in Sources */,
			);
			runOnlyForDeploymentPostprocessing = 0;
		};
		143EF2A11E5D291500544B8B /* Sources */ = {
			isa = PBXSourcesBuildPhase;
			buildActionMask = 2147483647;
			files = (
				143EF2AA1E5D291500544B8B /* KYZG_swiftTests.swift in Sources */,
			);
			runOnlyForDeploymentPostprocessing = 0;
		};
		143EF2AC1E5D291500544B8B /* Sources */ = {
			isa = PBXSourcesBuildPhase;
			buildActionMask = 2147483647;
			files = (
				143EF2B51E5D291500544B8B /* KYZG_swiftUITests.swift in Sources */,
			);
			runOnlyForDeploymentPostprocessing = 0;
		};
/* End PBXSourcesBuildPhase section */

/* Begin PBXTargetDependency section */
		143EF2A71E5D291500544B8B /* PBXTargetDependency */ = {
			isa = PBXTargetDependency;
			target = 143EF2901E5D291500544B8B /* KYZG_swift */;
			targetProxy = 143EF2A61E5D291500544B8B /* PBXContainerItemProxy */;
		};
		143EF2B21E5D291500544B8B /* PBXTargetDependency */ = {
			isa = PBXTargetDependency;
			target = 143EF2901E5D291500544B8B /* KYZG_swift */;
			targetProxy = 143EF2B11E5D291500544B8B /* PBXContainerItemProxy */;
		};
/* End PBXTargetDependency section */

/* Begin PBXVariantGroup section */
		143EF2981E5D291500544B8B /* Main.storyboard */ = {
			isa = PBXVariantGroup;
			children = (
				143EF2991E5D291500544B8B /* Base */,
			);
			name = Main.storyboard;
			sourceTree = "<group>";
		};
		143EF29D1E5D291500544B8B /* LaunchScreen.storyboard */ = {
			isa = PBXVariantGroup;
			children = (
				143EF29E1E5D291500544B8B /* Base */,
			);
			name = LaunchScreen.storyboard;
			sourceTree = "<group>";
		};
/* End PBXVariantGroup section */

/* Begin XCBuildConfiguration section */
		143EF2B71E5D291500544B8B /* Debug */ = {
			isa = XCBuildConfiguration;
			buildSettings = {
				ALWAYS_SEARCH_USER_PATHS = NO;
				CLANG_ANALYZER_NONNULL = YES;
				CLANG_CXX_LANGUAGE_STANDARD = "gnu++0x";
				CLANG_CXX_LIBRARY = "libc++";
				CLANG_ENABLE_MODULES = YES;
				CLANG_ENABLE_OBJC_ARC = YES;
				CLANG_WARN_BOOL_CONVERSION = YES;
				CLANG_WARN_CONSTANT_CONVERSION = YES;
				CLANG_WARN_DIRECT_OBJC_ISA_USAGE = YES_ERROR;
				CLANG_WARN_DOCUMENTATION_COMMENTS = YES;
				CLANG_WARN_EMPTY_BODY = YES;
				CLANG_WARN_ENUM_CONVERSION = YES;
				CLANG_WARN_INFINITE_RECURSION = YES;
				CLANG_WARN_INT_CONVERSION = YES;
				CLANG_WARN_OBJC_ROOT_CLASS = YES_ERROR;
				CLANG_WARN_SUSPICIOUS_MOVE = YES;
				CLANG_WARN_UNREACHABLE_CODE = YES;
				CLANG_WARN__DUPLICATE_METHOD_MATCH = YES;
				"CODE_SIGN_IDENTITY[sdk=iphoneos*]" = "iPhone Developer";
				COPY_PHASE_STRIP = NO;
				DEBUG_INFORMATION_FORMAT = dwarf;
				ENABLE_STRICT_OBJC_MSGSEND = YES;
				ENABLE_TESTABILITY = YES;
				GCC_C_LANGUAGE_STANDARD = gnu99;
				GCC_DYNAMIC_NO_PIC = NO;
				GCC_NO_COMMON_BLOCKS = YES;
				GCC_OPTIMIZATION_LEVEL = 0;
				GCC_PREPROCESSOR_DEFINITIONS = (
					"DEBUG=1",
					"$(inherited)",
				);
				GCC_WARN_64_TO_32_BIT_CONVERSION = YES;
				GCC_WARN_ABOUT_RETURN_TYPE = YES_ERROR;
				GCC_WARN_UNDECLARED_SELECTOR = YES;
				GCC_WARN_UNINITIALIZED_AUTOS = YES_AGGRESSIVE;
				GCC_WARN_UNUSED_FUNCTION = YES;
				GCC_WARN_UNUSED_VARIABLE = YES;
				IPHONEOS_DEPLOYMENT_TARGET = 10.2;
				MTL_ENABLE_DEBUG_INFO = YES;
				ONLY_ACTIVE_ARCH = YES;
				SDKROOT = iphoneos;
				SWIFT_ACTIVE_COMPILATION_CONDITIONS = DEBUG;
				SWIFT_OPTIMIZATION_LEVEL = "-Onone";
				TARGETED_DEVICE_FAMILY = "1,2";
			};
			name = Debug;
		};
		143EF2B81E5D291500544B8B /* Release */ = {
			isa = XCBuildConfiguration;
			buildSettings = {
				ALWAYS_SEARCH_USER_PATHS = NO;
				CLANG_ANALYZER_NONNULL = YES;
				CLANG_CXX_LANGUAGE_STANDARD = "gnu++0x";
				CLANG_CXX_LIBRARY = "libc++";
				CLANG_ENABLE_MODULES = YES;
				CLANG_ENABLE_OBJC_ARC = YES;
				CLANG_WARN_BOOL_CONVERSION = YES;
				CLANG_WARN_CONSTANT_CONVERSION = YES;
				CLANG_WARN_DIRECT_OBJC_ISA_USAGE = YES_ERROR;
				CLANG_WARN_DOCUMENTATION_COMMENTS = YES;
				CLANG_WARN_EMPTY_BODY = YES;
				CLANG_WARN_ENUM_CONVERSION = YES;
				CLANG_WARN_INFINITE_RECURSION = YES;
				CLANG_WARN_INT_CONVERSION = YES;
				CLANG_WARN_OBJC_ROOT_CLASS = YES_ERROR;
				CLANG_WARN_SUSPICIOUS_MOVE = YES;
				CLANG_WARN_UNREACHABLE_CODE = YES;
				CLANG_WARN__DUPLICATE_METHOD_MATCH = YES;
				"CODE_SIGN_IDENTITY[sdk=iphoneos*]" = "iPhone Developer";
				COPY_PHASE_STRIP = NO;
				DEBUG_INFORMATION_FORMAT = "dwarf-with-dsym";
				ENABLE_NS_ASSERTIONS = NO;
				ENABLE_STRICT_OBJC_MSGSEND = YES;
				GCC_C_LANGUAGE_STANDARD = gnu99;
				GCC_NO_COMMON_BLOCKS = YES;
				GCC_WARN_64_TO_32_BIT_CONVERSION = YES;
				GCC_WARN_ABOUT_RETURN_TYPE = YES_ERROR;
				GCC_WARN_UNDECLARED_SELECTOR = YES;
				GCC_WARN_UNINITIALIZED_AUTOS = YES_AGGRESSIVE;
				GCC_WARN_UNUSED_FUNCTION = YES;
				GCC_WARN_UNUSED_VARIABLE = YES;
				IPHONEOS_DEPLOYMENT_TARGET = 10.2;
				MTL_ENABLE_DEBUG_INFO = NO;
				SDKROOT = iphoneos;
				SWIFT_OPTIMIZATION_LEVEL = "-Owholemodule";
				TARGETED_DEVICE_FAMILY = "1,2";
				VALIDATE_PRODUCT = YES;
			};
			name = Release;
		};
		143EF2BA1E5D291500544B8B /* Debug */ = {
			isa = XCBuildConfiguration;
			baseConfigurationReference = C886BD42A09B275918030C6A /* Pods-KYZG_swift.debug.xcconfig */;
			buildSettings = {
				ASSETCATALOG_COMPILER_APPICON_NAME = AppIcon;
				ASSETCATALOG_COMPILER_LAUNCHIMAGE_NAME = "LaunchImage-3";
				CLANG_ENABLE_MODULES = YES;
				DEVELOPMENT_TEAM = F8ML633GQS;
				FRAMEWORK_SEARCH_PATHS = "$(inherited)";
				HEADER_SEARCH_PATHS = /usr/include/libxml2;
				INFOPLIST_FILE = KYZG_swift/Info.plist;
				IPHONEOS_DEPLOYMENT_TARGET = 9.0;
				LD_RUNPATH_SEARCH_PATHS = "$(inherited) @executable_path/Frameworks ${SDK_ROOT}/usr/include/libxml2";
				OTHER_LDFLAGS = (
					"$(inherited)",
					"-framework",
					"\"Alamofire\"",
					"-framework",
					"\"DateToolsSwift\"",
					"-framework",
					"\"Kingfisher\"",
					"-framework",
					"\"MJExtension\"",
					"-framework",
					"\"MJRefresh\"",
					"-framework",
					"\"SnapKit\"",
					"-framework",
					"\"SwiftyJSON\"",
					"-lxml2",
				);
				PRODUCT_BUNDLE_IDENTIFIER = "boliBaiyYun.KYZG-swift";
				PRODUCT_NAME = "$(TARGET_NAME)";
				SWIFT_OBJC_BRIDGING_HEADER = "KYZG_swift/KYZG_swift-Bridging-Header.h";
				SWIFT_OPTIMIZATION_LEVEL = "-Onone";
				SWIFT_VERSION = 3.0;
			};
			name = Debug;
		};
		143EF2BB1E5D291500544B8B /* Release */ = {
			isa = XCBuildConfiguration;
			baseConfigurationReference = EF402EA77D3872FCC3E4B94C /* Pods-KYZG_swift.release.xcconfig */;
			buildSettings = {
				ASSETCATALOG_COMPILER_APPICON_NAME = AppIcon;
				ASSETCATALOG_COMPILER_LAUNCHIMAGE_NAME = "LaunchImage-3";
				CLANG_ENABLE_MODULES = YES;
				DEVELOPMENT_TEAM = F8ML633GQS;
				FRAMEWORK_SEARCH_PATHS = "$(inherited)";
				HEADER_SEARCH_PATHS = /usr/include/libxml2;
				INFOPLIST_FILE = KYZG_swift/Info.plist;
				IPHONEOS_DEPLOYMENT_TARGET = 9.0;
				LD_RUNPATH_SEARCH_PATHS = "$(inherited) @executable_path/Frameworks ${SDK_ROOT}/usr/include/libxml2";
				OTHER_LDFLAGS = (
					"$(inherited)",
					"-framework",
					"\"Alamofire\"",
					"-framework",
					"\"DateToolsSwift\"",
					"-framework",
					"\"Kingfisher\"",
					"-framework",
					"\"MJExtension\"",
					"-framework",
					"\"MJRefresh\"",
					"-framework",
					"\"SnapKit\"",
					"-framework",
					"\"SwiftyJSON\"",
					"-lxml2",
				);
				PRODUCT_BUNDLE_IDENTIFIER = "boliBaiyYun.KYZG-swift";
				PRODUCT_NAME = "$(TARGET_NAME)";
				SWIFT_OBJC_BRIDGING_HEADER = "KYZG_swift/KYZG_swift-Bridging-Header.h";
				SWIFT_VERSION = 3.0;
			};
			name = Release;
		};
		143EF2BD1E5D291500544B8B /* Debug */ = {
			isa = XCBuildConfiguration;
			baseConfigurationReference = C393F94460C7D4527F90A048 /* Pods-KYZG_swiftTests.debug.xcconfig */;
			buildSettings = {
				ALWAYS_EMBED_SWIFT_STANDARD_LIBRARIES = "$(inherited)";
				BUNDLE_LOADER = "$(TEST_HOST)";
				ENABLE_ON_DEMAND_RESOURCES = NO;
				INFOPLIST_FILE = KYZG_swiftTests/Info.plist;
				LD_RUNPATH_SEARCH_PATHS = "$(inherited) @executable_path/Frameworks @loader_path/Frameworks";
				PRODUCT_BUNDLE_IDENTIFIER = "boliBaiyYun.KYZG-swiftTests";
				PRODUCT_NAME = "$(TARGET_NAME)";
				SWIFT_VERSION = 3.0;
				TEST_HOST = "$(BUILT_PRODUCTS_DIR)/KYZG_swift.app/KYZG_swift";
			};
			name = Debug;
		};
		143EF2BE1E5D291500544B8B /* Release */ = {
			isa = XCBuildConfiguration;
			baseConfigurationReference = 75F77F0C157698059B67EBA4 /* Pods-KYZG_swiftTests.release.xcconfig */;
			buildSettings = {
				ALWAYS_EMBED_SWIFT_STANDARD_LIBRARIES = "$(inherited)";
				BUNDLE_LOADER = "$(TEST_HOST)";
				ENABLE_ON_DEMAND_RESOURCES = NO;
				INFOPLIST_FILE = KYZG_swiftTests/Info.plist;
				LD_RUNPATH_SEARCH_PATHS = "$(inherited) @executable_path/Frameworks @loader_path/Frameworks";
				PRODUCT_BUNDLE_IDENTIFIER = "boliBaiyYun.KYZG-swiftTests";
				PRODUCT_NAME = "$(TARGET_NAME)";
				SWIFT_VERSION = 3.0;
				TEST_HOST = "$(BUILT_PRODUCTS_DIR)/KYZG_swift.app/KYZG_swift";
			};
			name = Release;
		};
		143EF2C01E5D291500544B8B /* Debug */ = {
			isa = XCBuildConfiguration;
			buildSettings = {
				ALWAYS_EMBED_SWIFT_STANDARD_LIBRARIES = YES;
				INFOPLIST_FILE = KYZG_swiftUITests/Info.plist;
				LD_RUNPATH_SEARCH_PATHS = "$(inherited) @executable_path/Frameworks @loader_path/Frameworks";
				PRODUCT_BUNDLE_IDENTIFIER = "boliBaiyYun.KYZG-swiftUITests";
				PRODUCT_NAME = "$(TARGET_NAME)";
				SWIFT_VERSION = 3.0;
				TEST_TARGET_NAME = KYZG_swift;
			};
			name = Debug;
		};
		143EF2C11E5D291500544B8B /* Release */ = {
			isa = XCBuildConfiguration;
			buildSettings = {
				ALWAYS_EMBED_SWIFT_STANDARD_LIBRARIES = YES;
				INFOPLIST_FILE = KYZG_swiftUITests/Info.plist;
				LD_RUNPATH_SEARCH_PATHS = "$(inherited) @executable_path/Frameworks @loader_path/Frameworks";
				PRODUCT_BUNDLE_IDENTIFIER = "boliBaiyYun.KYZG-swiftUITests";
				PRODUCT_NAME = "$(TARGET_NAME)";
				SWIFT_VERSION = 3.0;
				TEST_TARGET_NAME = KYZG_swift;
			};
			name = Release;
		};
/* End XCBuildConfiguration section */

/* Begin XCConfigurationList section */
		143EF28C1E5D291500544B8B /* Build configuration list for PBXProject "KYZG_swift" */ = {
			isa = XCConfigurationList;
			buildConfigurations = (
				143EF2B71E5D291500544B8B /* Debug */,
				143EF2B81E5D291500544B8B /* Release */,
			);
			defaultConfigurationIsVisible = 0;
			defaultConfigurationName = Release;
		};
		143EF2B91E5D291500544B8B /* Build configuration list for PBXNativeTarget "KYZG_swift" */ = {
			isa = XCConfigurationList;
			buildConfigurations = (
				143EF2BA1E5D291500544B8B /* Debug */,
				143EF2BB1E5D291500544B8B /* Release */,
			);
			defaultConfigurationIsVisible = 0;
			defaultConfigurationName = Release;
		};
		143EF2BC1E5D291500544B8B /* Build configuration list for PBXNativeTarget "KYZG_swiftTests" */ = {
			isa = XCConfigurationList;
			buildConfigurations = (
				143EF2BD1E5D291500544B8B /* Debug */,
				143EF2BE1E5D291500544B8B /* Release */,
			);
			defaultConfigurationIsVisible = 0;
			defaultConfigurationName = Release;
		};
		143EF2BF1E5D291500544B8B /* Build configuration list for PBXNativeTarget "KYZG_swiftUITests" */ = {
			isa = XCConfigurationList;
			buildConfigurations = (
				143EF2C01E5D291500544B8B /* Debug */,
				143EF2C11E5D291500544B8B /* Release */,
			);
			defaultConfigurationIsVisible = 0;
			defaultConfigurationName = Release;
		};
/* End XCConfigurationList section */
	};
	rootObject = 143EF2891E5D291500544B8B /* Project object */;
}
